// !$*UTF8*$!
{
	archiveVersion = 1;
	classes = {
	};
	objectVersion = 56;
	objects = {

/* Begin PBXBuildFile section */
		5CC564822B51314100F4B9F4 /* CafeSNS_DemoApp.swift in Sources */ = {isa = PBXBuildFile; fileRef = 5CC564812B51314100F4B9F4 /* CafeSNS_DemoApp.swift */; };
		5CC564842B51314100F4B9F4 /* ContentView.swift in Sources */ = {isa = PBXBuildFile; fileRef = 5CC564832B51314100F4B9F4 /* ContentView.swift */; };
		5CC564862B51314300F4B9F4 /* Assets.xcassets in Resources */ = {isa = PBXBuildFile; fileRef = 5CC564852B51314300F4B9F4 /* Assets.xcassets */; };
		5CC5648A2B51314300F4B9F4 /* Preview Assets.xcassets in Resources */ = {isa = PBXBuildFile; fileRef = 5CC564892B51314300F4B9F4 /* Preview Assets.xcassets */; };
		5CC564992B51348200F4B9F4 /* HomeView.swift in Sources */ = {isa = PBXBuildFile; fileRef = 5CC564982B51348200F4B9F4 /* HomeView.swift */; };
		5CC564A02B5134FB00F4B9F4 /* MessagesView.swift in Sources */ = {isa = PBXBuildFile; fileRef = 5CC5649F2B5134FB00F4B9F4 /* MessagesView.swift */; };
		5CC564A22B51350700F4B9F4 /* BookmarkView.swift in Sources */ = {isa = PBXBuildFile; fileRef = 5CC564A12B51350700F4B9F4 /* BookmarkView.swift */; };
		5CC564A42B51351400F4B9F4 /* AddpostView.swift in Sources */ = {isa = PBXBuildFile; fileRef = 5CC564A32B51351400F4B9F4 /* AddpostView.swift */; };
		5CC564A62B51351D00F4B9F4 /* ProfileView.swift in Sources */ = {isa = PBXBuildFile; fileRef = 5CC564A52B51351D00F4B9F4 /* ProfileView.swift */; };
/* End PBXBuildFile section */

/* Begin PBXFileReference section */
		5CC5647E2B51314100F4B9F4 /* CafeSNS_Demo.app */ = {isa = PBXFileReference; explicitFileType = wrapper.application; includeInIndex = 0; path = CafeSNS_Demo.app; sourceTree = BUILT_PRODUCTS_DIR; };
		5CC564812B51314100F4B9F4 /* CafeSNS_DemoApp.swift */ = {isa = PBXFileReference; lastKnownFileType = sourcecode.swift; path = CafeSNS_DemoApp.swift; sourceTree = "<group>"; };
		5CC564832B51314100F4B9F4 /* ContentView.swift */ = {isa = PBXFileReference; lastKnownFileType = sourcecode.swift; path = ContentView.swift; sourceTree = "<group>"; };
		5CC564852B51314300F4B9F4 /* Assets.xcassets */ = {isa = PBXFileReference; lastKnownFileType = folder.assetcatalog; path = Assets.xcassets; sourceTree = "<group>"; };
		5CC564872B51314300F4B9F4 /* CafeSNS_Demo.entitlements */ = {isa = PBXFileReference; lastKnownFileType = text.plist.entitlements; path = CafeSNS_Demo.entitlements; sourceTree = "<group>"; };
		5CC564892B51314300F4B9F4 /* Preview Assets.xcassets */ = {isa = PBXFileReference; lastKnownFileType = folder.assetcatalog; path = "Preview Assets.xcassets"; sourceTree = "<group>"; };
		5CC564982B51348200F4B9F4 /* HomeView.swift */ = {isa = PBXFileReference; lastKnownFileType = sourcecode.swift; path = HomeView.swift; sourceTree = "<group>"; };
		5CC5649F2B5134FB00F4B9F4 /* MessagesView.swift */ = {isa = PBXFileReference; lastKnownFileType = sourcecode.swift; path = MessagesView.swift; sourceTree = "<group>"; };
		5CC564A12B51350700F4B9F4 /* BookmarkView.swift */ = {isa = PBXFileReference; lastKnownFileType = sourcecode.swift; path = BookmarkView.swift; sourceTree = "<group>"; };
		5CC564A32B51351400F4B9F4 /* AddpostView.swift */ = {isa = PBXFileReference; lastKnownFileType = sourcecode.swift; path = AddpostView.swift; sourceTree = "<group>"; };
		5CC564A52B51351D00F4B9F4 /* ProfileView.swift */ = {isa = PBXFileReference; lastKnownFileType = sourcecode.swift; path = ProfileView.swift; sourceTree = "<group>"; };
/* End PBXFileReference section */

/* Begin PBXFrameworksBuildPhase section */
		5CC5647B2B51314100F4B9F4 /* Frameworks */ = {
			isa = PBXFrameworksBuildPhase;
			buildActionMask = 2147483647;
			files = (
			);
			runOnlyForDeploymentPostprocessing = 0;
		};
/* End PBXFrameworksBuildPhase section */

/* Begin PBXGroup section */
		5CC564752B51314100F4B9F4 = {
			isa = PBXGroup;
			children = (
				5CC564802B51314100F4B9F4 /* CafeSNS_Demo */,
				5CC5647F2B51314100F4B9F4 /* Products */,
			);
			sourceTree = "<group>";
		};
		5CC5647F2B51314100F4B9F4 /* Products */ = {
			isa = PBXGroup;
			children = (
				5CC5647E2B51314100F4B9F4 /* CafeSNS_Demo.app */,
			);
			name = Products;
			sourceTree = "<group>";
		};
		5CC564802B51314100F4B9F4 /* CafeSNS_Demo */ = {
			isa = PBXGroup;
			children = (
				5CC564812B51314100F4B9F4 /* CafeSNS_DemoApp.swift */,
				5CC564832B51314100F4B9F4 /* ContentView.swift */,
				5CC564902B5133F300F4B9F4 /* Home */,
				5CC564912B51341B00F4B9F4 /* Messages */,
				5CC564932B51343100F4B9F4 /* Bookmark */,
				5CC564922B51342900F4B9F4 /* Addpost */,
				5CC564942B51343B00F4B9F4 /* Profile */,
				5CC564852B51314300F4B9F4 /* Assets.xcassets */,
				5CC564872B51314300F4B9F4 /* CafeSNS_Demo.entitlements */,
				5CC564882B51314300F4B9F4 /* Preview Content */,
			);
			path = CafeSNS_Demo;
			sourceTree = "<group>";
		};
		5CC564882B51314300F4B9F4 /* Preview Content */ = {
			isa = PBXGroup;
			children = (
				5CC564892B51314300F4B9F4 /* Preview Assets.xcassets */,
			);
			path = "Preview Content";
			sourceTree = "<group>";
		};
		5CC564902B5133F300F4B9F4 /* Home */ = {
			isa = PBXGroup;
			children = (
				5CC564952B51346100F4B9F4 /* View */,
			);
			path = Home;
			sourceTree = "<group>";
		};
		5CC564912B51341B00F4B9F4 /* Messages */ = {
			isa = PBXGroup;
			children = (
				5CC5649A2B5134C000F4B9F4 /* View */,
			);
			path = Messages;
			sourceTree = "<group>";
		};
		5CC564922B51342900F4B9F4 /* Addpost */ = {
			isa = PBXGroup;
			children = (
				5CC5649C2B5134CE00F4B9F4 /* View */,
			);
			path = Addpost;
			sourceTree = "<group>";
		};
		5CC564932B51343100F4B9F4 /* Bookmark */ = {
			isa = PBXGroup;
			children = (
				5CC5649B2B5134C900F4B9F4 /* View */,
			);
			path = Bookmark;
			sourceTree = "<group>";
		};
		5CC564942B51343B00F4B9F4 /* Profile */ = {
			isa = PBXGroup;
			children = (
				5CC5649D2B5134D400F4B9F4 /* View */,
			);
			path = Profile;
			sourceTree = "<group>";
		};
		5CC564952B51346100F4B9F4 /* View */ = {
			isa = PBXGroup;
			children = (
				5CC564982B51348200F4B9F4 /* HomeView.swift */,
			);
			path = View;
			sourceTree = "<group>";
		};
		5CC5649A2B5134C000F4B9F4 /* View */ = {
			isa = PBXGroup;
			children = (
				5CC5649F2B5134FB00F4B9F4 /* MessagesView.swift */,
			);
			path = View;
			sourceTree = "<group>";
		};
		5CC5649B2B5134C900F4B9F4 /* View */ = {
			isa = PBXGroup;
			children = (
				5CC564A12B51350700F4B9F4 /* BookmarkView.swift */,
			);
			path = View;
			sourceTree = "<group>";
		};
		5CC5649C2B5134CE00F4B9F4 /* View */ = {
			isa = PBXGroup;
			children = (
				5CC564A32B51351400F4B9F4 /* AddpostView.swift */,
			);
			path = View;
			sourceTree = "<group>";
		};
		5CC5649D2B5134D400F4B9F4 /* View */ = {
			isa = PBXGroup;
			children = (
				5CC564A52B51351D00F4B9F4 /* ProfileView.swift */,
			);
			path = View;
			sourceTree = "<group>";
		};
/* End PBXGroup section */

/* Begin PBXNativeTarget section */
		5CC5647D2B51314100F4B9F4 /* CafeSNS_Demo */ = {
			isa = PBXNativeTarget;
			buildConfigurationList = 5CC5648D2B51314300F4B9F4 /* Build configuration list for PBXNativeTarget "CafeSNS_Demo" */;
			buildPhases = (
				5CC5647A2B51314100F4B9F4 /* Sources */,
				5CC5647B2B51314100F4B9F4 /* Frameworks */,
				5CC5647C2B51314100F4B9F4 /* Resources */,
			);
			buildRules = (
			);
			dependencies = (
			);
			name = CafeSNS_Demo;
			productName = CafeSNS_Demo;
			productReference = 5CC5647E2B51314100F4B9F4 /* CafeSNS_Demo.app */;
			productType = "com.apple.product-type.application";
		};
/* End PBXNativeTarget section */

/* Begin PBXProject section */
		5CC564762B51314100F4B9F4 /* Project object */ = {
			isa = PBXProject;
			attributes = {
				BuildIndependentTargetsInParallel = 1;
				LastSwiftUpdateCheck = 1510;
				LastUpgradeCheck = 1510;
				TargetAttributes = {
					5CC5647D2B51314100F4B9F4 = {
						CreatedOnToolsVersion = 15.1;
					};
				};
			};
			buildConfigurationList = 5CC564792B51314100F4B9F4 /* Build configuration list for PBXProject "CafeSNS_Demo" */;
			compatibilityVersion = "Xcode 14.0";
			developmentRegion = en;
			hasScannedForEncodings = 0;
			knownRegions = (
				en,
				Base,
			);
			mainGroup = 5CC564752B51314100F4B9F4;
			productRefGroup = 5CC5647F2B51314100F4B9F4 /* Products */;
			projectDirPath = "";
			projectRoot = "";
			targets = (
				5CC5647D2B51314100F4B9F4 /* CafeSNS_Demo */,
			);
		};
/* End PBXProject section */

/* Begin PBXResourcesBuildPhase section */
		5CC5647C2B51314100F4B9F4 /* Resources */ = {
			isa = PBXResourcesBuildPhase;
			buildActionMask = 2147483647;
			files = (
				5CC5648A2B51314300F4B9F4 /* Preview Assets.xcassets in Resources */,
				5CC564862B51314300F4B9F4 /* Assets.xcassets in Resources */,
			);
			runOnlyForDeploymentPostprocessing = 0;
		};
/* End PBXResourcesBuildPhase section */

/* Begin PBXSourcesBuildPhase section */
		5CC5647A2B51314100F4B9F4 /* Sources */ = {
			isa = PBXSourcesBuildPhase;
			buildActionMask = 2147483647;
			files = (
				5CC564A42B51351400F4B9F4 /* AddpostView.swift in Sources */,
				5CC564A02B5134FB00F4B9F4 /* MessagesView.swift in Sources */,
				5CC564A22B51350700F4B9F4 /* BookmarkView.swift in Sources */,
				5CC564992B51348200F4B9F4 /* HomeView.swift in Sources */,
				5CC564842B51314100F4B9F4 /* ContentView.swift in Sources */,
				5CC564A62B51351D00F4B9F4 /* ProfileView.swift in Sources */,
				5CC564822B51314100F4B9F4 /* CafeSNS_DemoApp.swift in Sources */,
			);
			runOnlyForDeploymentPostprocessing = 0;
		};
/* End PBXSourcesBuildPhase section */

/* Begin XCBuildConfiguration section */
		5CC5648B2B51314300F4B9F4 /* Debug */ = {
			isa = XCBuildConfiguration;
			buildSettings = {
				ALWAYS_SEARCH_USER_PATHS = NO;
				ASSETCATALOG_COMPILER_GENERATE_SWIFT_ASSET_SYMBOL_EXTENSIONS = YES;
				CLANG_ANALYZER_NONNULL = YES;
				CLANG_ANALYZER_NUMBER_OBJECT_CONVERSION = YES_AGGRESSIVE;
				CLANG_CXX_LANGUAGE_STANDARD = "gnu++20";
				CLANG_ENABLE_MODULES = YES;
				CLANG_ENABLE_OBJC_ARC = YES;
				CLANG_ENABLE_OBJC_WEAK = YES;
				CLANG_WARN_BLOCK_CAPTURE_AUTORELEASING = YES;
				CLANG_WARN_BOOL_CONVERSION = YES;
				CLANG_WARN_COMMA = YES;
				CLANG_WARN_CONSTANT_CONVERSION = YES;
				CLANG_WARN_DEPRECATED_OBJC_IMPLEMENTATIONS = YES;
				CLANG_WARN_DIRECT_OBJC_ISA_USAGE = YES_ERROR;
				CLANG_WARN_DOCUMENTATION_COMMENTS = YES;
				CLANG_WARN_EMPTY_BODY = YES;
				CLANG_WARN_ENUM_CONVERSION = YES;
				CLANG_WARN_INFINITE_RECURSION = YES;
				CLANG_WARN_INT_CONVERSION = YES;
				CLANG_WARN_NON_LITERAL_NULL_CONVERSION = YES;
				CLANG_WARN_OBJC_IMPLICIT_RETAIN_SELF = YES;
				CLANG_WARN_OBJC_LITERAL_CONVERSION = YES;
				CLANG_WARN_OBJC_ROOT_CLASS = YES_ERROR;
				CLANG_WARN_QUOTED_INCLUDE_IN_FRAMEWORK_HEADER = YES;
				CLANG_WARN_RANGE_LOOP_ANALYSIS = YES;
				CLANG_WARN_STRICT_PROTOTYPES = YES;
				CLANG_WARN_SUSPICIOUS_MOVE = YES;
				CLANG_WARN_UNGUARDED_AVAILABILITY = YES_AGGRESSIVE;
				CLANG_WARN_UNREACHABLE_CODE = YES;
				CLANG_WARN__DUPLICATE_METHOD_MATCH = YES;
				COPY_PHASE_STRIP = NO;
				DEBUG_INFORMATION_FORMAT = dwarf;
				ENABLE_STRICT_OBJC_MSGSEND = YES;
				ENABLE_TESTABILITY = YES;
				ENABLE_USER_SCRIPT_SANDBOXING = YES;
				GCC_C_LANGUAGE_STANDARD = gnu17;
				GCC_DYNAMIC_NO_PIC = NO;
				GCC_NO_COMMON_BLOCKS = YES;
				GCC_OPTIMIZATION_LEVEL = 0;
				GCC_PREPROCESSOR_DEFINITIONS = (
					"DEBUG=1",
					"$(inherited)",
				);
				GCC_WARN_64_TO_32_BIT_CONVERSION = YES;
				GCC_WARN_ABOUT_RETURN_TYPE = YES_ERROR;
				GCC_WARN_UNDECLARED_SELECTOR = YES;
				GCC_WARN_UNINITIALIZED_AUTOS = YES_AGGRESSIVE;
				GCC_WARN_UNUSED_FUNCTION = YES;
				GCC_WARN_UNUSED_VARIABLE = YES;
				LOCALIZATION_PREFERS_STRING_CATALOGS = YES;
				MTL_ENABLE_DEBUG_INFO = INCLUDE_SOURCE;
				MTL_FAST_MATH = YES;
				ONLY_ACTIVE_ARCH = YES;
				SWIFT_ACTIVE_COMPILATION_CONDITIONS = "DEBUG $(inherited)";
				SWIFT_OPTIMIZATION_LEVEL = "-Onone";
			};
			name = Debug;
		};
		5CC5648C2B51314300F4B9F4 /* Release */ = {
			isa = XCBuildConfiguration;
			buildSettings = {
				ALWAYS_SEARCH_USER_PATHS = NO;
				ASSETCATALOG_COMPILER_GENERATE_SWIFT_ASSET_SYMBOL_EXTENSIONS = YES;
				CLANG_ANALYZER_NONNULL = YES;
				CLANG_ANALYZER_NUMBER_OBJECT_CONVERSION = YES_AGGRESSIVE;
				CLANG_CXX_LANGUAGE_STANDARD = "gnu++20";
				CLANG_ENABLE_MODULES = YES;
				CLANG_ENABLE_OBJC_ARC = YES;
				CLANG_ENABLE_OBJC_WEAK = YES;
				CLANG_WARN_BLOCK_CAPTURE_AUTORELEASING = YES;
				CLANG_WARN_BOOL_CONVERSION = YES;
				CLANG_WARN_COMMA = YES;
				CLANG_WARN_CONSTANT_CONVERSION = YES;
				CLANG_WARN_DEPRECATED_OBJC_IMPLEMENTATIONS = YES;
				CLANG_WARN_DIRECT_OBJC_ISA_USAGE = YES_ERROR;
				CLANG_WARN_DOCUMENTATION_COMMENTS = YES;
				CLANG_WARN_EMPTY_BODY = YES;
				CLANG_WARN_ENUM_CONVERSION = YES;
				CLANG_WARN_INFINITE_RECURSION = YES;
				CLANG_WARN_INT_CONVERSION = YES;
				CLANG_WARN_NON_LITERAL_NULL_CONVERSION = YES;
				CLANG_WARN_OBJC_IMPLICIT_RETAIN_SELF = YES;
				CLANG_WARN_OBJC_LITERAL_CONVERSION = YES;
				CLANG_WARN_OBJC_ROOT_CLASS = YES_ERROR;
				CLANG_WARN_QUOTED_INCLUDE_IN_FRAMEWORK_HEADER = YES;
				CLANG_WARN_RANGE_LOOP_ANALYSIS = YES;
				CLANG_WARN_STRICT_PROTOTYPES = YES;
				CLANG_WARN_SUSPICIOUS_MOVE = YES;
				CLANG_WARN_UNGUARDED_AVAILABILITY = YES_AGGRESSIVE;
				CLANG_WARN_UNREACHABLE_CODE = YES;
				CLANG_WARN__DUPLICATE_METHOD_MATCH = YES;
				COPY_PHASE_STRIP = NO;
				DEBUG_INFORMATION_FORMAT = "dwarf-with-dsym";
				ENABLE_NS_ASSERTIONS = NO;
				ENABLE_STRICT_OBJC_MSGSEND = YES;
				ENABLE_USER_SCRIPT_SANDBOXING = YES;
				GCC_C_LANGUAGE_STANDARD = gnu17;
				GCC_NO_COMMON_BLOCKS = YES;
				GCC_WARN_64_TO_32_BIT_CONVERSION = YES;
				GCC_WARN_ABOUT_RETURN_TYPE = YES_ERROR;
				GCC_WARN_UNDECLARED_SELECTOR = YES;
				GCC_WARN_UNINITIALIZED_AUTOS = YES_AGGRESSIVE;
				GCC_WARN_UNUSED_FUNCTION = YES;
				GCC_WARN_UNUSED_VARIABLE = YES;
				LOCALIZATION_PREFERS_STRING_CATALOGS = YES;
				MTL_ENABLE_DEBUG_INFO = NO;
				MTL_FAST_MATH = YES;
				SWIFT_COMPILATION_MODE = wholemodule;
			};
			name = Release;
		};
		5CC5648E2B51314300F4B9F4 /* Debug */ = {
			isa = XCBuildConfiguration;
			buildSettings = {
				ASSETCATALOG_COMPILER_APPICON_NAME = AppIcon;
				ASSETCATALOG_COMPILER_GLOBAL_ACCENT_COLOR_NAME = AccentColor;
				CODE_SIGN_ENTITLEMENTS = CafeSNS_Demo/CafeSNS_Demo.entitlements;
				CODE_SIGN_STYLE = Automatic;
				CURRENT_PROJECT_VERSION = 1;
				DEVELOPMENT_ASSET_PATHS = "\"CafeSNS_Demo/Preview Content\"";
				DEVELOPMENT_TEAM = KVX67TSKSQ;
				ENABLE_HARDENED_RUNTIME = YES;
				ENABLE_PREVIEWS = YES;
				GENERATE_INFOPLIST_FILE = YES;
				"INFOPLIST_KEY_UIApplicationSceneManifest_Generation[sdk=iphoneos*]" = YES;
				"INFOPLIST_KEY_UIApplicationSceneManifest_Generation[sdk=iphonesimulator*]" = YES;
				"INFOPLIST_KEY_UIApplicationSupportsIndirectInputEvents[sdk=iphoneos*]" = YES;
				"INFOPLIST_KEY_UIApplicationSupportsIndirectInputEvents[sdk=iphonesimulator*]" = YES;
				"INFOPLIST_KEY_UILaunchScreen_Generation[sdk=iphoneos*]" = YES;
				"INFOPLIST_KEY_UILaunchScreen_Generation[sdk=iphonesimulator*]" = YES;
				"INFOPLIST_KEY_UIStatusBarStyle[sdk=iphoneos*]" = UIStatusBarStyleDefault;
				"INFOPLIST_KEY_UIStatusBarStyle[sdk=iphonesimulator*]" = UIStatusBarStyleDefault;
				INFOPLIST_KEY_UISupportedInterfaceOrientations_iPad = "UIInterfaceOrientationPortrait UIInterfaceOrientationPortraitUpsideDown UIInterfaceOrientationLandscapeLeft UIInterfaceOrientationLandscapeRight";
				INFOPLIST_KEY_UISupportedInterfaceOrientations_iPhone = "UIInterfaceOrientationPortrait UIInterfaceOrientationLandscapeLeft UIInterfaceOrientationLandscapeRight";
				IPHONEOS_DEPLOYMENT_TARGET = 17.2;
				LD_RUNPATH_SEARCH_PATHS = "@executable_path/Frameworks";
				"LD_RUNPATH_SEARCH_PATHS[sdk=macosx*]" = "@executable_path/../Frameworks";
				MACOSX_DEPLOYMENT_TARGET = 13.5;
				MARKETING_VERSION = 1.0;
				PRODUCT_BUNDLE_IDENTIFIER = "net.jihoon.CafeSNS-Demo";
				PRODUCT_NAME = "$(TARGET_NAME)";
				SDKROOT = auto;
				SUPPORTED_PLATFORMS = "iphoneos iphonesimulator macosx";
				SWIFT_EMIT_LOC_STRINGS = YES;
				SWIFT_VERSION = 5.0;
				TARGETED_DEVICE_FAMILY = "1,2";
			};
			name = Debug;
		};
		5CC5648F2B51314300F4B9F4 /* Release */ = {
			isa = XCBuildConfiguration;
			buildSettings = {
				ASSETCATALOG_COMPILER_APPICON_NAME = AppIcon;
				ASSETCATALOG_COMPILER_GLOBAL_ACCENT_COLOR_NAME = AccentColor;
				CODE_SIGN_ENTITLEMENTS = CafeSNS_Demo/CafeSNS_Demo.entitlements;
				CODE_SIGN_STYLE = Automatic;
				CURRENT_PROJECT_VERSION = 1;
				DEVELOPMENT_ASSET_PATHS = "\"CafeSNS_Demo/Preview Content\"";
				DEVELOPMENT_TEAM = KVX67TSKSQ;
				ENABLE_HARDENED_RUNTIME = YES;
				ENABLE_PREVIEWS = YES;
				GENERATE_INFOPLIST_FILE = YES;
				"INFOPLIST_KEY_UIApplicationSceneManifest_Generation[sdk=iphoneos*]" = YES;
				"INFOPLIST_KEY_UIApplicationSceneManifest_Generation[sdk=iphonesimulator*]" = YES;
				"INFOPLIST_KEY_UIApplicationSupportsIndirectInputEvents[sdk=iphoneos*]" = YES;
				"INFOPLIST_KEY_UIApplicationSupportsIndirectInputEvents[sdk=iphonesimulator*]" = YES;
				"INFOPLIST_KEY_UILaunchScreen_Generation[sdk=iphoneos*]" = YES;
				"INFOPLIST_KEY_UILaunchScreen_Generation[sdk=iphonesimulator*]" = YES;
				"INFOPLIST_KEY_UIStatusBarStyle[sdk=iphoneos*]" = UIStatusBarStyleDefault;
				"INFOPLIST_KEY_UIStatusBarStyle[sdk=iphonesimulator*]" = UIStatusBarStyleDefault;
				INFOPLIST_KEY_UISupportedInterfaceOrientations_iPad = "UIInterfaceOrientationPortrait UIInterfaceOrientationPortraitUpsideDown UIInterfaceOrientationLandscapeLeft UIInterfaceOrientationLandscapeRight";
				INFOPLIST_KEY_UISupportedInterfaceOrientations_iPhone = "UIInterfaceOrientationPortrait UIInterfaceOrientationLandscapeLeft UIInterfaceOrientationLandscapeRight";
				IPHONEOS_DEPLOYMENT_TARGET = 17.2;
				LD_RUNPATH_SEARCH_PATHS = "@executable_path/Frameworks";
				"LD_RUNPATH_SEARCH_PATHS[sdk=macosx*]" = "@executable_path/../Frameworks";
				MACOSX_DEPLOYMENT_TARGET = 13.5;
				MARKETING_VERSION = 1.0;
				PRODUCT_BUNDLE_IDENTIFIER = "net.jihoon.CafeSNS-Demo";
				PRODUCT_NAME = "$(TARGET_NAME)";
				SDKROOT = auto;
				SUPPORTED_PLATFORMS = "iphoneos iphonesimulator macosx";
				SWIFT_EMIT_LOC_STRINGS = YES;
				SWIFT_VERSION = 5.0;
				TARGETED_DEVICE_FAMILY = "1,2";
			};
			name = Release;
		};
/* End XCBuildConfiguration section */

/* Begin XCConfigurationList section */
		5CC564792B51314100F4B9F4 /* Build configuration list for PBXProject "CafeSNS_Demo" */ = {
			isa = XCConfigurationList;
			buildConfigurations = (
				5CC5648B2B51314300F4B9F4 /* Debug */,
				5CC5648C2B51314300F4B9F4 /* Release */,
			);
			defaultConfigurationIsVisible = 0;
			defaultConfigurationName = Release;
		};
		5CC5648D2B51314300F4B9F4 /* Build configuration list for PBXNativeTarget "CafeSNS_Demo" */ = {
			isa = XCConfigurationList;
			buildConfigurations = (
				5CC5648E2B51314300F4B9F4 /* Debug */,
				5CC5648F2B51314300F4B9F4 /* Release */,
			);
			defaultConfigurationIsVisible = 0;
			defaultConfigurationName = Release;
		};
/* End XCConfigurationList section */
	};
	rootObject = 5CC564762B51314100F4B9F4 /* Project object */;
}
