// !$*UTF8*$!
{
	archiveVersion = 1;
	classes = {
	};
	objectVersion = 56;
	objects = {

/* Begin PBXBuildFile section */
		5CC564822B51314100F4B9F4 /* CafeSNS_DemoApp.swift in Sources */ = {isa = PBXBuildFile; fileRef = 5CC564812B51314100F4B9F4 /* CafeSNS_DemoApp.swift */; };
		5CC564862B51314300F4B9F4 /* Assets.xcassets in Resources */ = {isa = PBXBuildFile; fileRef = 5CC564852B51314300F4B9F4 /* Assets.xcassets */; };
		5CC5648A2B51314300F4B9F4 /* Preview Assets.xcassets in Resources */ = {isa = PBXBuildFile; fileRef = 5CC564892B51314300F4B9F4 /* Preview Assets.xcassets */; };
		5CC564992B51348200F4B9F4 /* HomeView.swift in Sources */ = {isa = PBXBuildFile; fileRef = 5CC564982B51348200F4B9F4 /* HomeView.swift */; };
		5CC564A02B5134FB00F4B9F4 /* MessagesView.swift in Sources */ = {isa = PBXBuildFile; fileRef = 5CC5649F2B5134FB00F4B9F4 /* MessagesView.swift */; };
		5CC564A22B51350700F4B9F4 /* BookmarkView.swift in Sources */ = {isa = PBXBuildFile; fileRef = 5CC564A12B51350700F4B9F4 /* BookmarkView.swift */; };
		5CC564A42B51351400F4B9F4 /* AddpostView.swift in Sources */ = {isa = PBXBuildFile; fileRef = 5CC564A32B51351400F4B9F4 /* AddpostView.swift */; };
		5CC564A62B51351D00F4B9F4 /* ProfileView.swift in Sources */ = {isa = PBXBuildFile; fileRef = 5CC564A52B51351D00F4B9F4 /* ProfileView.swift */; };
		5CC564B12B5211EC00F4B9F4 /* User.swift in Sources */ = {isa = PBXBuildFile; fileRef = 5CC564B02B5211EC00F4B9F4 /* User.swift */; };
		5CC564B32B52146A00F4B9F4 /* LoginView.swift in Sources */ = {isa = PBXBuildFile; fileRef = 5CC564B22B52146A00F4B9F4 /* LoginView.swift */; };
		5CC564B62B52158600F4B9F4 /* FirebaseAnalytics in Frameworks */ = {isa = PBXBuildFile; productRef = 5CC564B52B52158600F4B9F4 /* FirebaseAnalytics */; };
		5CC564B82B52158600F4B9F4 /* FirebaseAnalyticsOnDeviceConversion in Frameworks */ = {isa = PBXBuildFile; productRef = 5CC564B72B52158600F4B9F4 /* FirebaseAnalyticsOnDeviceConversion */; };
		5CC564BA2B52158600F4B9F4 /* FirebaseAnalyticsSwift in Frameworks */ = {isa = PBXBuildFile; productRef = 5CC564B92B52158600F4B9F4 /* FirebaseAnalyticsSwift */; };
		5CC564BC2B52158600F4B9F4 /* FirebaseAnalyticsWithoutAdIdSupport in Frameworks */ = {isa = PBXBuildFile; productRef = 5CC564BB2B52158600F4B9F4 /* FirebaseAnalyticsWithoutAdIdSupport */; };
		5CC564BE2B52158600F4B9F4 /* FirebaseAppCheck in Frameworks */ = {isa = PBXBuildFile; productRef = 5CC564BD2B52158600F4B9F4 /* FirebaseAppCheck */; };
		5CC564C12B52159D00F4B9F4 /* GoogleSignIn in Frameworks */ = {isa = PBXBuildFile; productRef = 5CC564C02B52159D00F4B9F4 /* GoogleSignIn */; };
		5CC564C32B52159D00F4B9F4 /* GoogleSignInSwift in Frameworks */ = {isa = PBXBuildFile; productRef = 5CC564C22B52159D00F4B9F4 /* GoogleSignInSwift */; };
		5CC564C52B52172400F4B9F4 /* FirebaseAnalytics in Frameworks */ = {isa = PBXBuildFile; productRef = 5CC564C42B52172400F4B9F4 /* FirebaseAnalytics */; };
		5CC564C72B52172400F4B9F4 /* FirebaseAnalyticsOnDeviceConversion in Frameworks */ = {isa = PBXBuildFile; productRef = 5CC564C62B52172400F4B9F4 /* FirebaseAnalyticsOnDeviceConversion */; };
		5CC564C92B52172400F4B9F4 /* FirebaseAnalyticsSwift in Frameworks */ = {isa = PBXBuildFile; productRef = 5CC564C82B52172400F4B9F4 /* FirebaseAnalyticsSwift */; };
		5CC564CB2B52172400F4B9F4 /* FirebaseAnalyticsWithoutAdIdSupport in Frameworks */ = {isa = PBXBuildFile; productRef = 5CC564CA2B52172400F4B9F4 /* FirebaseAnalyticsWithoutAdIdSupport */; };
		5CC564CD2B52172400F4B9F4 /* FirebaseAppCheck in Frameworks */ = {isa = PBXBuildFile; productRef = 5CC564CC2B52172400F4B9F4 /* FirebaseAppCheck */; };
		5CC564CF2B52172400F4B9F4 /* FirebaseAppDistribution-Beta in Frameworks */ = {isa = PBXBuildFile; productRef = 5CC564CE2B52172400F4B9F4 /* FirebaseAppDistribution-Beta */; };
		5CC564D12B52172400F4B9F4 /* FirebaseAuth in Frameworks */ = {isa = PBXBuildFile; productRef = 5CC564D02B52172400F4B9F4 /* FirebaseAuth */; };
		5CC564D32B52172400F4B9F4 /* FirebaseAuthCombine-Community in Frameworks */ = {isa = PBXBuildFile; productRef = 5CC564D22B52172400F4B9F4 /* FirebaseAuthCombine-Community */; };
		5CC564D52B52172400F4B9F4 /* FirebaseCrashlytics in Frameworks */ = {isa = PBXBuildFile; productRef = 5CC564D42B52172400F4B9F4 /* FirebaseCrashlytics */; };
		5CC564D72B52172400F4B9F4 /* FirebaseDatabase in Frameworks */ = {isa = PBXBuildFile; productRef = 5CC564D62B52172400F4B9F4 /* FirebaseDatabase */; };
		5CC564D92B52172400F4B9F4 /* FirebaseDatabaseSwift in Frameworks */ = {isa = PBXBuildFile; productRef = 5CC564D82B52172400F4B9F4 /* FirebaseDatabaseSwift */; };
		5CC564DB2B52172400F4B9F4 /* FirebaseDynamicLinks in Frameworks */ = {isa = PBXBuildFile; productRef = 5CC564DA2B52172400F4B9F4 /* FirebaseDynamicLinks */; };
		5CC564DD2B52172400F4B9F4 /* FirebaseFirestore in Frameworks */ = {isa = PBXBuildFile; productRef = 5CC564DC2B52172400F4B9F4 /* FirebaseFirestore */; };
		5CC564DF2B52172400F4B9F4 /* FirebaseFirestoreCombine-Community in Frameworks */ = {isa = PBXBuildFile; productRef = 5CC564DE2B52172400F4B9F4 /* FirebaseFirestoreCombine-Community */; };
		5CC564E12B52172400F4B9F4 /* FirebaseFirestoreSwift in Frameworks */ = {isa = PBXBuildFile; productRef = 5CC564E02B52172400F4B9F4 /* FirebaseFirestoreSwift */; };
		5CC564E32B52172400F4B9F4 /* FirebaseFunctions in Frameworks */ = {isa = PBXBuildFile; productRef = 5CC564E22B52172400F4B9F4 /* FirebaseFunctions */; };
		5CC564E52B52172400F4B9F4 /* FirebaseFunctionsCombine-Community in Frameworks */ = {isa = PBXBuildFile; productRef = 5CC564E42B52172400F4B9F4 /* FirebaseFunctionsCombine-Community */; };
		5CC564E72B52172400F4B9F4 /* FirebaseInAppMessaging-Beta in Frameworks */ = {isa = PBXBuildFile; productRef = 5CC564E62B52172400F4B9F4 /* FirebaseInAppMessaging-Beta */; };
		5CC564E92B52172400F4B9F4 /* FirebaseInAppMessagingSwift-Beta in Frameworks */ = {isa = PBXBuildFile; productRef = 5CC564E82B52172400F4B9F4 /* FirebaseInAppMessagingSwift-Beta */; };
		5CC564EB2B52172400F4B9F4 /* FirebaseInstallations in Frameworks */ = {isa = PBXBuildFile; productRef = 5CC564EA2B52172400F4B9F4 /* FirebaseInstallations */; };
		5CC564ED2B52172400F4B9F4 /* FirebaseMLModelDownloader in Frameworks */ = {isa = PBXBuildFile; productRef = 5CC564EC2B52172400F4B9F4 /* FirebaseMLModelDownloader */; };
		5CC564EF2B52172400F4B9F4 /* FirebaseMessaging in Frameworks */ = {isa = PBXBuildFile; productRef = 5CC564EE2B52172400F4B9F4 /* FirebaseMessaging */; };
		5CC564F12B52172400F4B9F4 /* FirebasePerformance in Frameworks */ = {isa = PBXBuildFile; productRef = 5CC564F02B52172400F4B9F4 /* FirebasePerformance */; };
		5CC564F32B52172400F4B9F4 /* FirebaseRemoteConfig in Frameworks */ = {isa = PBXBuildFile; productRef = 5CC564F22B52172400F4B9F4 /* FirebaseRemoteConfig */; };
		5CC564F52B52172400F4B9F4 /* FirebaseRemoteConfigSwift in Frameworks */ = {isa = PBXBuildFile; productRef = 5CC564F42B52172400F4B9F4 /* FirebaseRemoteConfigSwift */; };
		5CC564F72B52172400F4B9F4 /* FirebaseStorage in Frameworks */ = {isa = PBXBuildFile; productRef = 5CC564F62B52172400F4B9F4 /* FirebaseStorage */; };
		5CC564F92B52172400F4B9F4 /* FirebaseStorageCombine-Community in Frameworks */ = {isa = PBXBuildFile; productRef = 5CC564F82B52172400F4B9F4 /* FirebaseStorageCombine-Community */; };
		5CC564FD2B52190F00F4B9F4 /* GoogleService-Info.plist in Resources */ = {isa = PBXBuildFile; fileRef = 5CC564FC2B52190F00F4B9F4 /* GoogleService-Info.plist */; };
		5CC565042B521FE200F4B9F4 /* MainView.swift in Sources */ = {isa = PBXBuildFile; fileRef = 5CC565032B521FE200F4B9F4 /* MainView.swift */; };
		5CC565082B52246700F4B9F4 /* AppDelegate.swift in Sources */ = {isa = PBXBuildFile; fileRef = 5CC565072B52246700F4B9F4 /* AppDelegate.swift */; };
		5CC565182B524A2C00F4B9F4 /* AuthViewModel.swift in Sources */ = {isa = PBXBuildFile; fileRef = 5CC565172B524A2C00F4B9F4 /* AuthViewModel.swift */; };
		5CC5651A2B5395FD00F4B9F4 /* FirebaseAnalytics in Frameworks */ = {isa = PBXBuildFile; productRef = 5CC565192B5395FD00F4B9F4 /* FirebaseAnalytics */; };
		5CC5651C2B5395FD00F4B9F4 /* FirebaseAnalyticsOnDeviceConversion in Frameworks */ = {isa = PBXBuildFile; productRef = 5CC5651B2B5395FD00F4B9F4 /* FirebaseAnalyticsOnDeviceConversion */; };
		5CC5651E2B5395FD00F4B9F4 /* FirebaseAnalyticsSwift in Frameworks */ = {isa = PBXBuildFile; productRef = 5CC5651D2B5395FD00F4B9F4 /* FirebaseAnalyticsSwift */; };
		5CC565202B5395FD00F4B9F4 /* FirebaseAnalyticsWithoutAdIdSupport in Frameworks */ = {isa = PBXBuildFile; productRef = 5CC5651F2B5395FD00F4B9F4 /* FirebaseAnalyticsWithoutAdIdSupport */; };
		5CC565222B5395FD00F4B9F4 /* FirebaseAppCheck in Frameworks */ = {isa = PBXBuildFile; productRef = 5CC565212B5395FD00F4B9F4 /* FirebaseAppCheck */; };
		5CC565242B5395FD00F4B9F4 /* FirebaseAppDistribution-Beta in Frameworks */ = {isa = PBXBuildFile; productRef = 5CC565232B5395FD00F4B9F4 /* FirebaseAppDistribution-Beta */; };
		5CC565262B5395FD00F4B9F4 /* FirebaseAuth in Frameworks */ = {isa = PBXBuildFile; productRef = 5CC565252B5395FD00F4B9F4 /* FirebaseAuth */; };
		5CC565282B5395FD00F4B9F4 /* FirebaseAuthCombine-Community in Frameworks */ = {isa = PBXBuildFile; productRef = 5CC565272B5395FD00F4B9F4 /* FirebaseAuthCombine-Community */; };
		5CC5652A2B5395FD00F4B9F4 /* FirebaseCrashlytics in Frameworks */ = {isa = PBXBuildFile; productRef = 5CC565292B5395FD00F4B9F4 /* FirebaseCrashlytics */; };
		5CC5652C2B5395FD00F4B9F4 /* FirebaseDatabase in Frameworks */ = {isa = PBXBuildFile; productRef = 5CC5652B2B5395FD00F4B9F4 /* FirebaseDatabase */; };
		5CC5652E2B5395FD00F4B9F4 /* FirebaseDatabaseSwift in Frameworks */ = {isa = PBXBuildFile; productRef = 5CC5652D2B5395FD00F4B9F4 /* FirebaseDatabaseSwift */; };
		5CC565302B5395FD00F4B9F4 /* FirebaseDynamicLinks in Frameworks */ = {isa = PBXBuildFile; productRef = 5CC5652F2B5395FD00F4B9F4 /* FirebaseDynamicLinks */; };
		5CC565322B5395FD00F4B9F4 /* FirebaseFirestore in Frameworks */ = {isa = PBXBuildFile; productRef = 5CC565312B5395FD00F4B9F4 /* FirebaseFirestore */; };
		5CC565342B5395FD00F4B9F4 /* FirebaseFirestoreCombine-Community in Frameworks */ = {isa = PBXBuildFile; productRef = 5CC565332B5395FD00F4B9F4 /* FirebaseFirestoreCombine-Community */; };
		5CC565362B5395FD00F4B9F4 /* FirebaseFirestoreSwift in Frameworks */ = {isa = PBXBuildFile; productRef = 5CC565352B5395FD00F4B9F4 /* FirebaseFirestoreSwift */; };
		5CC565382B5395FD00F4B9F4 /* FirebaseFunctions in Frameworks */ = {isa = PBXBuildFile; productRef = 5CC565372B5395FD00F4B9F4 /* FirebaseFunctions */; };
		5CC5653A2B5395FD00F4B9F4 /* FirebaseFunctionsCombine-Community in Frameworks */ = {isa = PBXBuildFile; productRef = 5CC565392B5395FD00F4B9F4 /* FirebaseFunctionsCombine-Community */; };
		5CC5653C2B5395FD00F4B9F4 /* FirebaseInAppMessaging-Beta in Frameworks */ = {isa = PBXBuildFile; productRef = 5CC5653B2B5395FD00F4B9F4 /* FirebaseInAppMessaging-Beta */; };
		5CC5653E2B5395FD00F4B9F4 /* FirebaseInAppMessagingSwift-Beta in Frameworks */ = {isa = PBXBuildFile; productRef = 5CC5653D2B5395FD00F4B9F4 /* FirebaseInAppMessagingSwift-Beta */; };
		5CC565402B5395FD00F4B9F4 /* FirebaseInstallations in Frameworks */ = {isa = PBXBuildFile; productRef = 5CC5653F2B5395FD00F4B9F4 /* FirebaseInstallations */; };
		5CC565422B5395FD00F4B9F4 /* FirebaseMLModelDownloader in Frameworks */ = {isa = PBXBuildFile; productRef = 5CC565412B5395FD00F4B9F4 /* FirebaseMLModelDownloader */; };
		5CC565442B5395FD00F4B9F4 /* FirebaseMessaging in Frameworks */ = {isa = PBXBuildFile; productRef = 5CC565432B5395FD00F4B9F4 /* FirebaseMessaging */; };
		5CC565462B5395FD00F4B9F4 /* FirebasePerformance in Frameworks */ = {isa = PBXBuildFile; productRef = 5CC565452B5395FD00F4B9F4 /* FirebasePerformance */; };
		5CC565482B5395FD00F4B9F4 /* FirebaseRemoteConfig in Frameworks */ = {isa = PBXBuildFile; productRef = 5CC565472B5395FD00F4B9F4 /* FirebaseRemoteConfig */; };
		5CC5654A2B5395FD00F4B9F4 /* FirebaseRemoteConfigSwift in Frameworks */ = {isa = PBXBuildFile; productRef = 5CC565492B5395FD00F4B9F4 /* FirebaseRemoteConfigSwift */; };
		5CC5654C2B5395FD00F4B9F4 /* FirebaseStorage in Frameworks */ = {isa = PBXBuildFile; productRef = 5CC5654B2B5395FD00F4B9F4 /* FirebaseStorage */; };
		5CC5654E2B5395FD00F4B9F4 /* FirebaseStorageCombine-Community in Frameworks */ = {isa = PBXBuildFile; productRef = 5CC5654D2B5395FD00F4B9F4 /* FirebaseStorageCombine-Community */; };
/* End PBXBuildFile section */

/* Begin PBXFileReference section */
		5CC5647E2B51314100F4B9F4 /* CafeSNS_Demo.app */ = {isa = PBXFileReference; explicitFileType = wrapper.application; includeInIndex = 0; path = CafeSNS_Demo.app; sourceTree = BUILT_PRODUCTS_DIR; };
		5CC564812B51314100F4B9F4 /* CafeSNS_DemoApp.swift */ = {isa = PBXFileReference; lastKnownFileType = sourcecode.swift; path = CafeSNS_DemoApp.swift; sourceTree = "<group>"; };
		5CC564852B51314300F4B9F4 /* Assets.xcassets */ = {isa = PBXFileReference; lastKnownFileType = folder.assetcatalog; path = Assets.xcassets; sourceTree = "<group>"; };
		5CC564872B51314300F4B9F4 /* CafeSNS_Demo.entitlements */ = {isa = PBXFileReference; lastKnownFileType = text.plist.entitlements; path = CafeSNS_Demo.entitlements; sourceTree = "<group>"; };
		5CC564892B51314300F4B9F4 /* Preview Assets.xcassets */ = {isa = PBXFileReference; lastKnownFileType = folder.assetcatalog; path = "Preview Assets.xcassets"; sourceTree = "<group>"; };
		5CC564982B51348200F4B9F4 /* HomeView.swift */ = {isa = PBXFileReference; lastKnownFileType = sourcecode.swift; path = HomeView.swift; sourceTree = "<group>"; };
		5CC5649F2B5134FB00F4B9F4 /* MessagesView.swift */ = {isa = PBXFileReference; lastKnownFileType = sourcecode.swift; path = MessagesView.swift; sourceTree = "<group>"; };
		5CC564A12B51350700F4B9F4 /* BookmarkView.swift */ = {isa = PBXFileReference; lastKnownFileType = sourcecode.swift; path = BookmarkView.swift; sourceTree = "<group>"; };
		5CC564A32B51351400F4B9F4 /* AddpostView.swift */ = {isa = PBXFileReference; lastKnownFileType = sourcecode.swift; path = AddpostView.swift; sourceTree = "<group>"; };
		5CC564A52B51351D00F4B9F4 /* ProfileView.swift */ = {isa = PBXFileReference; lastKnownFileType = sourcecode.swift; path = ProfileView.swift; sourceTree = "<group>"; };
		5CC564B02B5211EC00F4B9F4 /* User.swift */ = {isa = PBXFileReference; lastKnownFileType = sourcecode.swift; path = User.swift; sourceTree = "<group>"; };
		5CC564B22B52146A00F4B9F4 /* LoginView.swift */ = {isa = PBXFileReference; lastKnownFileType = sourcecode.swift; path = LoginView.swift; sourceTree = "<group>"; };
		5CC564FC2B52190F00F4B9F4 /* GoogleService-Info.plist */ = {isa = PBXFileReference; lastKnownFileType = text.plist; path = "GoogleService-Info.plist"; sourceTree = SOURCE_ROOT; };
		5CC564FE2B5219BE00F4B9F4 /* CafeSNS-Demo-Info.plist */ = {isa = PBXFileReference; lastKnownFileType = text.plist; path = "CafeSNS-Demo-Info.plist"; sourceTree = SOURCE_ROOT; };
		5CC565032B521FE200F4B9F4 /* MainView.swift */ = {isa = PBXFileReference; lastKnownFileType = sourcecode.swift; path = MainView.swift; sourceTree = "<group>"; };
		5CC565072B52246700F4B9F4 /* AppDelegate.swift */ = {isa = PBXFileReference; lastKnownFileType = sourcecode.swift; path = AppDelegate.swift; sourceTree = "<group>"; };
		5CC565172B524A2C00F4B9F4 /* AuthViewModel.swift */ = {isa = PBXFileReference; lastKnownFileType = sourcecode.swift; path = AuthViewModel.swift; sourceTree = "<group>"; };
/* End PBXFileReference section */

/* Begin PBXFrameworksBuildPhase section */
		5CC5647B2B51314100F4B9F4 /* Frameworks */ = {
			isa = PBXFrameworksBuildPhase;
			buildActionMask = 2147483647;
			files = (
				5CC564BA2B52158600F4B9F4 /* FirebaseAnalyticsSwift in Frameworks */,
				5CC565222B5395FD00F4B9F4 /* FirebaseAppCheck in Frameworks */,
				5CC564B62B52158600F4B9F4 /* FirebaseAnalytics in Frameworks */,
				5CC565402B5395FD00F4B9F4 /* FirebaseInstallations in Frameworks */,
				5CC564F12B52172400F4B9F4 /* FirebasePerformance in Frameworks */,
				5CC564C52B52172400F4B9F4 /* FirebaseAnalytics in Frameworks */,
				5CC5651E2B5395FD00F4B9F4 /* FirebaseAnalyticsSwift in Frameworks */,
				5CC565422B5395FD00F4B9F4 /* FirebaseMLModelDownloader in Frameworks */,
				5CC564EB2B52172400F4B9F4 /* FirebaseInstallations in Frameworks */,
				5CC565242B5395FD00F4B9F4 /* FirebaseAppDistribution-Beta in Frameworks */,
				5CC564CF2B52172400F4B9F4 /* FirebaseAppDistribution-Beta in Frameworks */,
				5CC565342B5395FD00F4B9F4 /* FirebaseFirestoreCombine-Community in Frameworks */,
				5CC5654A2B5395FD00F4B9F4 /* FirebaseRemoteConfigSwift in Frameworks */,
				5CC565302B5395FD00F4B9F4 /* FirebaseDynamicLinks in Frameworks */,
				5CC564F92B52172400F4B9F4 /* FirebaseStorageCombine-Community in Frameworks */,
				5CC565462B5395FD00F4B9F4 /* FirebasePerformance in Frameworks */,
				5CC564E72B52172400F4B9F4 /* FirebaseInAppMessaging-Beta in Frameworks */,
				5CC564D32B52172400F4B9F4 /* FirebaseAuthCombine-Community in Frameworks */,
				5CC565442B5395FD00F4B9F4 /* FirebaseMessaging in Frameworks */,
				5CC564F72B52172400F4B9F4 /* FirebaseStorage in Frameworks */,
				5CC565482B5395FD00F4B9F4 /* FirebaseRemoteConfig in Frameworks */,
				5CC5654E2B5395FD00F4B9F4 /* FirebaseStorageCombine-Community in Frameworks */,
				5CC564E12B52172400F4B9F4 /* FirebaseFirestoreSwift in Frameworks */,
				5CC564F52B52172400F4B9F4 /* FirebaseRemoteConfigSwift in Frameworks */,
				5CC565382B5395FD00F4B9F4 /* FirebaseFunctions in Frameworks */,
				5CC564C32B52159D00F4B9F4 /* GoogleSignInSwift in Frameworks */,
				5CC564E92B52172400F4B9F4 /* FirebaseInAppMessagingSwift-Beta in Frameworks */,
				5CC564DF2B52172400F4B9F4 /* FirebaseFirestoreCombine-Community in Frameworks */,
				5CC564F32B52172400F4B9F4 /* FirebaseRemoteConfig in Frameworks */,
				5CC565282B5395FD00F4B9F4 /* FirebaseAuthCombine-Community in Frameworks */,
				5CC564D12B52172400F4B9F4 /* FirebaseAuth in Frameworks */,
				5CC5652A2B5395FD00F4B9F4 /* FirebaseCrashlytics in Frameworks */,
				5CC564D72B52172400F4B9F4 /* FirebaseDatabase in Frameworks */,
				5CC564CD2B52172400F4B9F4 /* FirebaseAppCheck in Frameworks */,
				5CC564CB2B52172400F4B9F4 /* FirebaseAnalyticsWithoutAdIdSupport in Frameworks */,
				5CC564C92B52172400F4B9F4 /* FirebaseAnalyticsSwift in Frameworks */,
				5CC564C72B52172400F4B9F4 /* FirebaseAnalyticsOnDeviceConversion in Frameworks */,
				5CC565322B5395FD00F4B9F4 /* FirebaseFirestore in Frameworks */,
				5CC565262B5395FD00F4B9F4 /* FirebaseAuth in Frameworks */,
				5CC565362B5395FD00F4B9F4 /* FirebaseFirestoreSwift in Frameworks */,
				5CC564DB2B52172400F4B9F4 /* FirebaseDynamicLinks in Frameworks */,
				5CC564DD2B52172400F4B9F4 /* FirebaseFirestore in Frameworks */,
				5CC5653A2B5395FD00F4B9F4 /* FirebaseFunctionsCombine-Community in Frameworks */,
				5CC5652E2B5395FD00F4B9F4 /* FirebaseDatabaseSwift in Frameworks */,
				5CC5652C2B5395FD00F4B9F4 /* FirebaseDatabase in Frameworks */,
				5CC564D92B52172400F4B9F4 /* FirebaseDatabaseSwift in Frameworks */,
				5CC5653C2B5395FD00F4B9F4 /* FirebaseInAppMessaging-Beta in Frameworks */,
				5CC564E32B52172400F4B9F4 /* FirebaseFunctions in Frameworks */,
				5CC564B82B52158600F4B9F4 /* FirebaseAnalyticsOnDeviceConversion in Frameworks */,
				5CC564BE2B52158600F4B9F4 /* FirebaseAppCheck in Frameworks */,
				5CC5651A2B5395FD00F4B9F4 /* FirebaseAnalytics in Frameworks */,
				5CC564D52B52172400F4B9F4 /* FirebaseCrashlytics in Frameworks */,
				5CC565202B5395FD00F4B9F4 /* FirebaseAnalyticsWithoutAdIdSupport in Frameworks */,
				5CC564BC2B52158600F4B9F4 /* FirebaseAnalyticsWithoutAdIdSupport in Frameworks */,
				5CC5654C2B5395FD00F4B9F4 /* FirebaseStorage in Frameworks */,
				5CC5651C2B5395FD00F4B9F4 /* FirebaseAnalyticsOnDeviceConversion in Frameworks */,
				5CC564C12B52159D00F4B9F4 /* GoogleSignIn in Frameworks */,
				5CC564EF2B52172400F4B9F4 /* FirebaseMessaging in Frameworks */,
				5CC564E52B52172400F4B9F4 /* FirebaseFunctionsCombine-Community in Frameworks */,
				5CC564ED2B52172400F4B9F4 /* FirebaseMLModelDownloader in Frameworks */,
				5CC5653E2B5395FD00F4B9F4 /* FirebaseInAppMessagingSwift-Beta in Frameworks */,
			);
			runOnlyForDeploymentPostprocessing = 0;
		};
/* End PBXFrameworksBuildPhase section */

/* Begin PBXGroup section */
		5CC564752B51314100F4B9F4 = {
			isa = PBXGroup;
			children = (
				5CC564802B51314100F4B9F4 /* CafeSNS_Demo */,
				5CC5647F2B51314100F4B9F4 /* Products */,
			);
			sourceTree = "<group>";
		};
		5CC5647F2B51314100F4B9F4 /* Products */ = {
			isa = PBXGroup;
			children = (
				5CC5647E2B51314100F4B9F4 /* CafeSNS_Demo.app */,
			);
			name = Products;
			sourceTree = "<group>";
		};
		5CC564802B51314100F4B9F4 /* CafeSNS_Demo */ = {
			isa = PBXGroup;
			children = (
				5CC564FE2B5219BE00F4B9F4 /* CafeSNS-Demo-Info.plist */,
				5CC564812B51314100F4B9F4 /* CafeSNS_DemoApp.swift */,
				5CC565072B52246700F4B9F4 /* AppDelegate.swift */,
				5CC564A72B52118100F4B9F4 /* Login */,
				5CC564FF2B521F9600F4B9F4 /* Main */,
				5CC564902B5133F300F4B9F4 /* Home */,
				5CC564912B51341B00F4B9F4 /* Messages */,
				5CC564932B51343100F4B9F4 /* Bookmark */,
				5CC564922B51342900F4B9F4 /* Addpost */,
				5CC564942B51343B00F4B9F4 /* Profile */,
				5CC564852B51314300F4B9F4 /* Assets.xcassets */,
				5CC564FC2B52190F00F4B9F4 /* GoogleService-Info.plist */,
				5CC564872B51314300F4B9F4 /* CafeSNS_Demo.entitlements */,
				5CC564882B51314300F4B9F4 /* Preview Content */,
			);
			path = CafeSNS_Demo;
			sourceTree = "<group>";
		};
		5CC564882B51314300F4B9F4 /* Preview Content */ = {
			isa = PBXGroup;
			children = (
				5CC564892B51314300F4B9F4 /* Preview Assets.xcassets */,
			);
			path = "Preview Content";
			sourceTree = "<group>";
		};
		5CC564902B5133F300F4B9F4 /* Home */ = {
			isa = PBXGroup;
			children = (
				5CC564952B51346100F4B9F4 /* View */,
			);
			path = Home;
			sourceTree = "<group>";
		};
		5CC564912B51341B00F4B9F4 /* Messages */ = {
			isa = PBXGroup;
			children = (
				5CC5649A2B5134C000F4B9F4 /* View */,
			);
			path = Messages;
			sourceTree = "<group>";
		};
		5CC564922B51342900F4B9F4 /* Addpost */ = {
			isa = PBXGroup;
			children = (
				5CC5649C2B5134CE00F4B9F4 /* View */,
			);
			path = Addpost;
			sourceTree = "<group>";
		};
		5CC564932B51343100F4B9F4 /* Bookmark */ = {
			isa = PBXGroup;
			children = (
				5CC5649B2B5134C900F4B9F4 /* View */,
			);
			path = Bookmark;
			sourceTree = "<group>";
		};
		5CC564942B51343B00F4B9F4 /* Profile */ = {
			isa = PBXGroup;
			children = (
				5CC5649D2B5134D400F4B9F4 /* View */,
			);
			path = Profile;
			sourceTree = "<group>";
		};
		5CC564952B51346100F4B9F4 /* View */ = {
			isa = PBXGroup;
			children = (
				5CC564982B51348200F4B9F4 /* HomeView.swift */,
			);
			path = View;
			sourceTree = "<group>";
		};
		5CC5649A2B5134C000F4B9F4 /* View */ = {
			isa = PBXGroup;
			children = (
				5CC5649F2B5134FB00F4B9F4 /* MessagesView.swift */,
			);
			path = View;
			sourceTree = "<group>";
		};
		5CC5649B2B5134C900F4B9F4 /* View */ = {
			isa = PBXGroup;
			children = (
				5CC564A12B51350700F4B9F4 /* BookmarkView.swift */,
			);
			path = View;
			sourceTree = "<group>";
		};
		5CC5649C2B5134CE00F4B9F4 /* View */ = {
			isa = PBXGroup;
			children = (
				5CC564A32B51351400F4B9F4 /* AddpostView.swift */,
			);
			path = View;
			sourceTree = "<group>";
		};
		5CC5649D2B5134D400F4B9F4 /* View */ = {
			isa = PBXGroup;
			children = (
				5CC564A52B51351D00F4B9F4 /* ProfileView.swift */,
			);
			path = View;
			sourceTree = "<group>";
		};
		5CC564A72B52118100F4B9F4 /* Login */ = {
			isa = PBXGroup;
			children = (
				5CC564AF2B5211C400F4B9F4 /* Model */,
				5CC564AC2B5211AB00F4B9F4 /* ViewModel */,
				5CC564A82B52119200F4B9F4 /* View */,
			);
			path = Login;
			sourceTree = "<group>";
		};
		5CC564A82B52119200F4B9F4 /* View */ = {
			isa = PBXGroup;
			children = (
				5CC564B22B52146A00F4B9F4 /* LoginView.swift */,
			);
			path = View;
			sourceTree = "<group>";
		};
		5CC564AC2B5211AB00F4B9F4 /* ViewModel */ = {
			isa = PBXGroup;
			children = (
				5CC565172B524A2C00F4B9F4 /* AuthViewModel.swift */,
			);
			path = ViewModel;
			sourceTree = "<group>";
		};
		5CC564AF2B5211C400F4B9F4 /* Model */ = {
			isa = PBXGroup;
			children = (
				5CC564B02B5211EC00F4B9F4 /* User.swift */,
			);
			path = Model;
			sourceTree = "<group>";
		};
		5CC564FF2B521F9600F4B9F4 /* Main */ = {
			isa = PBXGroup;
			children = (
				5CC565022B521FA800F4B9F4 /* ViewModel */,
				5CC565012B521FA200F4B9F4 /* View */,
				5CC565002B521F9D00F4B9F4 /* Model */,
			);
			path = Main;
			sourceTree = "<group>";
		};
		5CC565002B521F9D00F4B9F4 /* Model */ = {
			isa = PBXGroup;
			children = (
			);
			path = Model;
			sourceTree = "<group>";
		};
		5CC565012B521FA200F4B9F4 /* View */ = {
			isa = PBXGroup;
			children = (
				5CC565032B521FE200F4B9F4 /* MainView.swift */,
			);
			path = View;
			sourceTree = "<group>";
		};
		5CC565022B521FA800F4B9F4 /* ViewModel */ = {
			isa = PBXGroup;
			children = (
			);
			path = ViewModel;
			sourceTree = "<group>";
		};
/* End PBXGroup section */

/* Begin PBXNativeTarget section */
		5CC5647D2B51314100F4B9F4 /* CafeSNS_Demo */ = {
			isa = PBXNativeTarget;
			buildConfigurationList = 5CC5648D2B51314300F4B9F4 /* Build configuration list for PBXNativeTarget "CafeSNS_Demo" */;
			buildPhases = (
				5CC5647A2B51314100F4B9F4 /* Sources */,
				5CC5647B2B51314100F4B9F4 /* Frameworks */,
				5CC5647C2B51314100F4B9F4 /* Resources */,
			);
			buildRules = (
			);
			dependencies = (
			);
			name = CafeSNS_Demo;
			packageProductDependencies = (
				5CC564B52B52158600F4B9F4 /* FirebaseAnalytics */,
				5CC564B72B52158600F4B9F4 /* FirebaseAnalyticsOnDeviceConversion */,
				5CC564B92B52158600F4B9F4 /* FirebaseAnalyticsSwift */,
				5CC564BB2B52158600F4B9F4 /* FirebaseAnalyticsWithoutAdIdSupport */,
				5CC564BD2B52158600F4B9F4 /* FirebaseAppCheck */,
				5CC564C02B52159D00F4B9F4 /* GoogleSignIn */,
				5CC564C22B52159D00F4B9F4 /* GoogleSignInSwift */,
				5CC564C42B52172400F4B9F4 /* FirebaseAnalytics */,
				5CC564C62B52172400F4B9F4 /* FirebaseAnalyticsOnDeviceConversion */,
				5CC564C82B52172400F4B9F4 /* FirebaseAnalyticsSwift */,
				5CC564CA2B52172400F4B9F4 /* FirebaseAnalyticsWithoutAdIdSupport */,
				5CC564CC2B52172400F4B9F4 /* FirebaseAppCheck */,
				5CC564CE2B52172400F4B9F4 /* FirebaseAppDistribution-Beta */,
				5CC564D02B52172400F4B9F4 /* FirebaseAuth */,
				5CC564D22B52172400F4B9F4 /* FirebaseAuthCombine-Community */,
				5CC564D42B52172400F4B9F4 /* FirebaseCrashlytics */,
				5CC564D62B52172400F4B9F4 /* FirebaseDatabase */,
				5CC564D82B52172400F4B9F4 /* FirebaseDatabaseSwift */,
				5CC564DA2B52172400F4B9F4 /* FirebaseDynamicLinks */,
				5CC564DC2B52172400F4B9F4 /* FirebaseFirestore */,
				5CC564DE2B52172400F4B9F4 /* FirebaseFirestoreCombine-Community */,
				5CC564E02B52172400F4B9F4 /* FirebaseFirestoreSwift */,
				5CC564E22B52172400F4B9F4 /* FirebaseFunctions */,
				5CC564E42B52172400F4B9F4 /* FirebaseFunctionsCombine-Community */,
				5CC564E62B52172400F4B9F4 /* FirebaseInAppMessaging-Beta */,
				5CC564E82B52172400F4B9F4 /* FirebaseInAppMessagingSwift-Beta */,
				5CC564EA2B52172400F4B9F4 /* FirebaseInstallations */,
				5CC564EC2B52172400F4B9F4 /* FirebaseMLModelDownloader */,
				5CC564EE2B52172400F4B9F4 /* FirebaseMessaging */,
				5CC564F02B52172400F4B9F4 /* FirebasePerformance */,
				5CC564F22B52172400F4B9F4 /* FirebaseRemoteConfig */,
				5CC564F42B52172400F4B9F4 /* FirebaseRemoteConfigSwift */,
				5CC564F62B52172400F4B9F4 /* FirebaseStorage */,
				5CC564F82B52172400F4B9F4 /* FirebaseStorageCombine-Community */,
				5CC565192B5395FD00F4B9F4 /* FirebaseAnalytics */,
				5CC5651B2B5395FD00F4B9F4 /* FirebaseAnalyticsOnDeviceConversion */,
				5CC5651D2B5395FD00F4B9F4 /* FirebaseAnalyticsSwift */,
				5CC5651F2B5395FD00F4B9F4 /* FirebaseAnalyticsWithoutAdIdSupport */,
				5CC565212B5395FD00F4B9F4 /* FirebaseAppCheck */,
				5CC565232B5395FD00F4B9F4 /* FirebaseAppDistribution-Beta */,
				5CC565252B5395FD00F4B9F4 /* FirebaseAuth */,
				5CC565272B5395FD00F4B9F4 /* FirebaseAuthCombine-Community */,
				5CC565292B5395FD00F4B9F4 /* FirebaseCrashlytics */,
				5CC5652B2B5395FD00F4B9F4 /* FirebaseDatabase */,
				5CC5652D2B5395FD00F4B9F4 /* FirebaseDatabaseSwift */,
				5CC5652F2B5395FD00F4B9F4 /* FirebaseDynamicLinks */,
				5CC565312B5395FD00F4B9F4 /* FirebaseFirestore */,
				5CC565332B5395FD00F4B9F4 /* FirebaseFirestoreCombine-Community */,
				5CC565352B5395FD00F4B9F4 /* FirebaseFirestoreSwift */,
				5CC565372B5395FD00F4B9F4 /* FirebaseFunctions */,
				5CC565392B5395FD00F4B9F4 /* FirebaseFunctionsCombine-Community */,
				5CC5653B2B5395FD00F4B9F4 /* FirebaseInAppMessaging-Beta */,
				5CC5653D2B5395FD00F4B9F4 /* FirebaseInAppMessagingSwift-Beta */,
				5CC5653F2B5395FD00F4B9F4 /* FirebaseInstallations */,
				5CC565412B5395FD00F4B9F4 /* FirebaseMLModelDownloader */,
				5CC565432B5395FD00F4B9F4 /* FirebaseMessaging */,
				5CC565452B5395FD00F4B9F4 /* FirebasePerformance */,
				5CC565472B5395FD00F4B9F4 /* FirebaseRemoteConfig */,
				5CC565492B5395FD00F4B9F4 /* FirebaseRemoteConfigSwift */,
				5CC5654B2B5395FD00F4B9F4 /* FirebaseStorage */,
				5CC5654D2B5395FD00F4B9F4 /* FirebaseStorageCombine-Community */,
			);
			productName = CafeSNS_Demo;
			productReference = 5CC5647E2B51314100F4B9F4 /* CafeSNS_Demo.app */;
			productType = "com.apple.product-type.application";
		};
/* End PBXNativeTarget section */

/* Begin PBXProject section */
		5CC564762B51314100F4B9F4 /* Project object */ = {
			isa = PBXProject;
			attributes = {
				BuildIndependentTargetsInParallel = 1;
				LastSwiftUpdateCheck = 1510;
				LastUpgradeCheck = 1510;
				TargetAttributes = {
					5CC5647D2B51314100F4B9F4 = {
						CreatedOnToolsVersion = 15.1;
					};
				};
			};
			buildConfigurationList = 5CC564792B51314100F4B9F4 /* Build configuration list for PBXProject "CafeSNS_Demo" */;
			compatibilityVersion = "Xcode 14.0";
			developmentRegion = en;
			hasScannedForEncodings = 0;
			knownRegions = (
				en,
				Base,
			);
			mainGroup = 5CC564752B51314100F4B9F4;
			packageReferences = (
				5CC564B42B52158600F4B9F4 /* XCRemoteSwiftPackageReference "firebase-ios-sdk" */,
				5CC564BF2B52159D00F4B9F4 /* XCRemoteSwiftPackageReference "GoogleSignIn-iOS" */,
			);
			productRefGroup = 5CC5647F2B51314100F4B9F4 /* Products */;
			projectDirPath = "";
			projectRoot = "";
			targets = (
				5CC5647D2B51314100F4B9F4 /* CafeSNS_Demo */,
			);
		};
/* End PBXProject section */

/* Begin PBXResourcesBuildPhase section */
		5CC5647C2B51314100F4B9F4 /* Resources */ = {
			isa = PBXResourcesBuildPhase;
			buildActionMask = 2147483647;
			files = (
				5CC5648A2B51314300F4B9F4 /* Preview Assets.xcassets in Resources */,
				5CC564862B51314300F4B9F4 /* Assets.xcassets in Resources */,
				5CC564FD2B52190F00F4B9F4 /* GoogleService-Info.plist in Resources */,
			);
			runOnlyForDeploymentPostprocessing = 0;
		};
/* End PBXResourcesBuildPhase section */

/* Begin PBXSourcesBuildPhase section */
		5CC5647A2B51314100F4B9F4 /* Sources */ = {
			isa = PBXSourcesBuildPhase;
			buildActionMask = 2147483647;
			files = (
				5CC565082B52246700F4B9F4 /* AppDelegate.swift in Sources */,
				5CC565182B524A2C00F4B9F4 /* AuthViewModel.swift in Sources */,
				5CC564B32B52146A00F4B9F4 /* LoginView.swift in Sources */,
				5CC564A42B51351400F4B9F4 /* AddpostView.swift in Sources */,
				5CC564A02B5134FB00F4B9F4 /* MessagesView.swift in Sources */,
				5CC565042B521FE200F4B9F4 /* MainView.swift in Sources */,
				5CC564A22B51350700F4B9F4 /* BookmarkView.swift in Sources */,
				5CC564992B51348200F4B9F4 /* HomeView.swift in Sources */,
				5CC564B12B5211EC00F4B9F4 /* User.swift in Sources */,
				5CC564A62B51351D00F4B9F4 /* ProfileView.swift in Sources */,
				5CC564822B51314100F4B9F4 /* CafeSNS_DemoApp.swift in Sources */,
			);
			runOnlyForDeploymentPostprocessing = 0;
		};
/* End PBXSourcesBuildPhase section */

/* Begin XCBuildConfiguration section */
		5CC5648B2B51314300F4B9F4 /* Debug */ = {
			isa = XCBuildConfiguration;
			buildSettings = {
				ALWAYS_SEARCH_USER_PATHS = NO;
				ASSETCATALOG_COMPILER_GENERATE_SWIFT_ASSET_SYMBOL_EXTENSIONS = YES;
				CLANG_ANALYZER_NONNULL = YES;
				CLANG_ANALYZER_NUMBER_OBJECT_CONVERSION = YES_AGGRESSIVE;
				CLANG_CXX_LANGUAGE_STANDARD = "gnu++20";
				CLANG_ENABLE_MODULES = YES;
				CLANG_ENABLE_OBJC_ARC = YES;
				CLANG_ENABLE_OBJC_WEAK = YES;
				CLANG_WARN_BLOCK_CAPTURE_AUTORELEASING = YES;
				CLANG_WARN_BOOL_CONVERSION = YES;
				CLANG_WARN_COMMA = YES;
				CLANG_WARN_CONSTANT_CONVERSION = YES;
				CLANG_WARN_DEPRECATED_OBJC_IMPLEMENTATIONS = YES;
				CLANG_WARN_DIRECT_OBJC_ISA_USAGE = YES_ERROR;
				CLANG_WARN_DOCUMENTATION_COMMENTS = YES;
				CLANG_WARN_EMPTY_BODY = YES;
				CLANG_WARN_ENUM_CONVERSION = YES;
				CLANG_WARN_INFINITE_RECURSION = YES;
				CLANG_WARN_INT_CONVERSION = YES;
				CLANG_WARN_NON_LITERAL_NULL_CONVERSION = YES;
				CLANG_WARN_OBJC_IMPLICIT_RETAIN_SELF = YES;
				CLANG_WARN_OBJC_LITERAL_CONVERSION = YES;
				CLANG_WARN_OBJC_ROOT_CLASS = YES_ERROR;
				CLANG_WARN_QUOTED_INCLUDE_IN_FRAMEWORK_HEADER = YES;
				CLANG_WARN_RANGE_LOOP_ANALYSIS = YES;
				CLANG_WARN_STRICT_PROTOTYPES = YES;
				CLANG_WARN_SUSPICIOUS_MOVE = YES;
				CLANG_WARN_UNGUARDED_AVAILABILITY = YES_AGGRESSIVE;
				CLANG_WARN_UNREACHABLE_CODE = YES;
				CLANG_WARN__DUPLICATE_METHOD_MATCH = YES;
				COPY_PHASE_STRIP = NO;
				DEBUG_INFORMATION_FORMAT = dwarf;
				ENABLE_STRICT_OBJC_MSGSEND = YES;
				ENABLE_TESTABILITY = YES;
				ENABLE_USER_SCRIPT_SANDBOXING = YES;
				GCC_C_LANGUAGE_STANDARD = gnu17;
				GCC_DYNAMIC_NO_PIC = NO;
				GCC_NO_COMMON_BLOCKS = YES;
				GCC_OPTIMIZATION_LEVEL = 0;
				GCC_PREPROCESSOR_DEFINITIONS = (
					"DEBUG=1",
					"$(inherited)",
				);
				GCC_WARN_64_TO_32_BIT_CONVERSION = YES;
				GCC_WARN_ABOUT_RETURN_TYPE = YES_ERROR;
				GCC_WARN_UNDECLARED_SELECTOR = YES;
				GCC_WARN_UNINITIALIZED_AUTOS = YES_AGGRESSIVE;
				GCC_WARN_UNUSED_FUNCTION = YES;
				GCC_WARN_UNUSED_VARIABLE = YES;
				LOCALIZATION_PREFERS_STRING_CATALOGS = YES;
				MTL_ENABLE_DEBUG_INFO = INCLUDE_SOURCE;
				MTL_FAST_MATH = YES;
				ONLY_ACTIVE_ARCH = YES;
				SWIFT_ACTIVE_COMPILATION_CONDITIONS = "DEBUG $(inherited)";
				SWIFT_OPTIMIZATION_LEVEL = "-Onone";
			};
			name = Debug;
		};
		5CC5648C2B51314300F4B9F4 /* Release */ = {
			isa = XCBuildConfiguration;
			buildSettings = {
				ALWAYS_SEARCH_USER_PATHS = NO;
				ASSETCATALOG_COMPILER_GENERATE_SWIFT_ASSET_SYMBOL_EXTENSIONS = YES;
				CLANG_ANALYZER_NONNULL = YES;
				CLANG_ANALYZER_NUMBER_OBJECT_CONVERSION = YES_AGGRESSIVE;
				CLANG_CXX_LANGUAGE_STANDARD = "gnu++20";
				CLANG_ENABLE_MODULES = YES;
				CLANG_ENABLE_OBJC_ARC = YES;
				CLANG_ENABLE_OBJC_WEAK = YES;
				CLANG_WARN_BLOCK_CAPTURE_AUTORELEASING = YES;
				CLANG_WARN_BOOL_CONVERSION = YES;
				CLANG_WARN_COMMA = YES;
				CLANG_WARN_CONSTANT_CONVERSION = YES;
				CLANG_WARN_DEPRECATED_OBJC_IMPLEMENTATIONS = YES;
				CLANG_WARN_DIRECT_OBJC_ISA_USAGE = YES_ERROR;
				CLANG_WARN_DOCUMENTATION_COMMENTS = YES;
				CLANG_WARN_EMPTY_BODY = YES;
				CLANG_WARN_ENUM_CONVERSION = YES;
				CLANG_WARN_INFINITE_RECURSION = YES;
				CLANG_WARN_INT_CONVERSION = YES;
				CLANG_WARN_NON_LITERAL_NULL_CONVERSION = YES;
				CLANG_WARN_OBJC_IMPLICIT_RETAIN_SELF = YES;
				CLANG_WARN_OBJC_LITERAL_CONVERSION = YES;
				CLANG_WARN_OBJC_ROOT_CLASS = YES_ERROR;
				CLANG_WARN_QUOTED_INCLUDE_IN_FRAMEWORK_HEADER = YES;
				CLANG_WARN_RANGE_LOOP_ANALYSIS = YES;
				CLANG_WARN_STRICT_PROTOTYPES = YES;
				CLANG_WARN_SUSPICIOUS_MOVE = YES;
				CLANG_WARN_UNGUARDED_AVAILABILITY = YES_AGGRESSIVE;
				CLANG_WARN_UNREACHABLE_CODE = YES;
				CLANG_WARN__DUPLICATE_METHOD_MATCH = YES;
				COPY_PHASE_STRIP = NO;
				DEBUG_INFORMATION_FORMAT = "dwarf-with-dsym";
				ENABLE_NS_ASSERTIONS = NO;
				ENABLE_STRICT_OBJC_MSGSEND = YES;
				ENABLE_USER_SCRIPT_SANDBOXING = YES;
				GCC_C_LANGUAGE_STANDARD = gnu17;
				GCC_NO_COMMON_BLOCKS = YES;
				GCC_WARN_64_TO_32_BIT_CONVERSION = YES;
				GCC_WARN_ABOUT_RETURN_TYPE = YES_ERROR;
				GCC_WARN_UNDECLARED_SELECTOR = YES;
				GCC_WARN_UNINITIALIZED_AUTOS = YES_AGGRESSIVE;
				GCC_WARN_UNUSED_FUNCTION = YES;
				GCC_WARN_UNUSED_VARIABLE = YES;
				LOCALIZATION_PREFERS_STRING_CATALOGS = YES;
				MTL_ENABLE_DEBUG_INFO = NO;
				MTL_FAST_MATH = YES;
				SWIFT_COMPILATION_MODE = wholemodule;
			};
			name = Release;
		};
		5CC5648E2B51314300F4B9F4 /* Debug */ = {
			isa = XCBuildConfiguration;
			buildSettings = {
				ASSETCATALOG_COMPILER_APPICON_NAME = AppIcon;
				ASSETCATALOG_COMPILER_GLOBAL_ACCENT_COLOR_NAME = AccentColor;
				CODE_SIGN_ENTITLEMENTS = CafeSNS_Demo/CafeSNS_Demo.entitlements;
				"CODE_SIGN_IDENTITY[sdk=macosx*]" = "Apple Development";
				CODE_SIGN_STYLE = Automatic;
				CURRENT_PROJECT_VERSION = 1;
				DEVELOPMENT_ASSET_PATHS = "\"CafeSNS_Demo/Preview Content\"";
				DEVELOPMENT_TEAM = KVX67TSKSQ;
				ENABLE_HARDENED_RUNTIME = YES;
				ENABLE_PREVIEWS = YES;
				GENERATE_INFOPLIST_FILE = YES;
				INFOPLIST_FILE = "CafeSNS-Demo-Info.plist";
				"INFOPLIST_KEY_UIApplicationSceneManifest_Generation[sdk=iphoneos*]" = YES;
				"INFOPLIST_KEY_UIApplicationSceneManifest_Generation[sdk=iphonesimulator*]" = YES;
				"INFOPLIST_KEY_UIApplicationSupportsIndirectInputEvents[sdk=iphoneos*]" = YES;
				"INFOPLIST_KEY_UIApplicationSupportsIndirectInputEvents[sdk=iphonesimulator*]" = YES;
				"INFOPLIST_KEY_UILaunchScreen_Generation[sdk=iphoneos*]" = YES;
				"INFOPLIST_KEY_UILaunchScreen_Generation[sdk=iphonesimulator*]" = YES;
				"INFOPLIST_KEY_UIStatusBarStyle[sdk=iphoneos*]" = UIStatusBarStyleDefault;
				"INFOPLIST_KEY_UIStatusBarStyle[sdk=iphonesimulator*]" = UIStatusBarStyleDefault;
				INFOPLIST_KEY_UISupportedInterfaceOrientations_iPad = "UIInterfaceOrientationPortrait UIInterfaceOrientationPortraitUpsideDown UIInterfaceOrientationLandscapeLeft UIInterfaceOrientationLandscapeRight";
				INFOPLIST_KEY_UISupportedInterfaceOrientations_iPhone = "UIInterfaceOrientationPortrait UIInterfaceOrientationLandscapeLeft UIInterfaceOrientationLandscapeRight";
				IPHONEOS_DEPLOYMENT_TARGET = 17.2;
				LD_RUNPATH_SEARCH_PATHS = "@executable_path/Frameworks";
				"LD_RUNPATH_SEARCH_PATHS[sdk=macosx*]" = "@executable_path/../Frameworks";
				MACOSX_DEPLOYMENT_TARGET = 13.5;
				MARKETING_VERSION = 1.0;
				PRODUCT_BUNDLE_IDENTIFIER = "net.jihoon.CafeSNS-Demo";
				PRODUCT_NAME = "$(TARGET_NAME)";
				SDKROOT = auto;
				SUPPORTED_PLATFORMS = "iphoneos iphonesimulator macosx";
				SWIFT_EMIT_LOC_STRINGS = YES;
				SWIFT_VERSION = 5.0;
				TARGETED_DEVICE_FAMILY = "1,2";
			};
			name = Debug;
		};
		5CC5648F2B51314300F4B9F4 /* Release */ = {
			isa = XCBuildConfiguration;
			buildSettings = {
				ASSETCATALOG_COMPILER_APPICON_NAME = AppIcon;
				ASSETCATALOG_COMPILER_GLOBAL_ACCENT_COLOR_NAME = AccentColor;
				CODE_SIGN_ENTITLEMENTS = CafeSNS_Demo/CafeSNS_Demo.entitlements;
				"CODE_SIGN_IDENTITY[sdk=macosx*]" = "Apple Development";
				CODE_SIGN_STYLE = Automatic;
				CURRENT_PROJECT_VERSION = 1;
				DEVELOPMENT_ASSET_PATHS = "\"CafeSNS_Demo/Preview Content\"";
				DEVELOPMENT_TEAM = KVX67TSKSQ;
				ENABLE_HARDENED_RUNTIME = YES;
				ENABLE_PREVIEWS = YES;
				GENERATE_INFOPLIST_FILE = YES;
				INFOPLIST_FILE = "CafeSNS-Demo-Info.plist";
				"INFOPLIST_KEY_UIApplicationSceneManifest_Generation[sdk=iphoneos*]" = YES;
				"INFOPLIST_KEY_UIApplicationSceneManifest_Generation[sdk=iphonesimulator*]" = YES;
				"INFOPLIST_KEY_UIApplicationSupportsIndirectInputEvents[sdk=iphoneos*]" = YES;
				"INFOPLIST_KEY_UIApplicationSupportsIndirectInputEvents[sdk=iphonesimulator*]" = YES;
				"INFOPLIST_KEY_UILaunchScreen_Generation[sdk=iphoneos*]" = YES;
				"INFOPLIST_KEY_UILaunchScreen_Generation[sdk=iphonesimulator*]" = YES;
				"INFOPLIST_KEY_UIStatusBarStyle[sdk=iphoneos*]" = UIStatusBarStyleDefault;
				"INFOPLIST_KEY_UIStatusBarStyle[sdk=iphonesimulator*]" = UIStatusBarStyleDefault;
				INFOPLIST_KEY_UISupportedInterfaceOrientations_iPad = "UIInterfaceOrientationPortrait UIInterfaceOrientationPortraitUpsideDown UIInterfaceOrientationLandscapeLeft UIInterfaceOrientationLandscapeRight";
				INFOPLIST_KEY_UISupportedInterfaceOrientations_iPhone = "UIInterfaceOrientationPortrait UIInterfaceOrientationLandscapeLeft UIInterfaceOrientationLandscapeRight";
				IPHONEOS_DEPLOYMENT_TARGET = 17.2;
				LD_RUNPATH_SEARCH_PATHS = "@executable_path/Frameworks";
				"LD_RUNPATH_SEARCH_PATHS[sdk=macosx*]" = "@executable_path/../Frameworks";
				MACOSX_DEPLOYMENT_TARGET = 13.5;
				MARKETING_VERSION = 1.0;
				PRODUCT_BUNDLE_IDENTIFIER = "net.jihoon.CafeSNS-Demo";
				PRODUCT_NAME = "$(TARGET_NAME)";
				SDKROOT = auto;
				SUPPORTED_PLATFORMS = "iphoneos iphonesimulator macosx";
				SWIFT_EMIT_LOC_STRINGS = YES;
				SWIFT_VERSION = 5.0;
				TARGETED_DEVICE_FAMILY = "1,2";
			};
			name = Release;
		};
/* End XCBuildConfiguration section */

/* Begin XCConfigurationList section */
		5CC564792B51314100F4B9F4 /* Build configuration list for PBXProject "CafeSNS_Demo" */ = {
			isa = XCConfigurationList;
			buildConfigurations = (
				5CC5648B2B51314300F4B9F4 /* Debug */,
				5CC5648C2B51314300F4B9F4 /* Release */,
			);
			defaultConfigurationIsVisible = 0;
			defaultConfigurationName = Release;
		};
		5CC5648D2B51314300F4B9F4 /* Build configuration list for PBXNativeTarget "CafeSNS_Demo" */ = {
			isa = XCConfigurationList;
			buildConfigurations = (
				5CC5648E2B51314300F4B9F4 /* Debug */,
				5CC5648F2B51314300F4B9F4 /* Release */,
			);
			defaultConfigurationIsVisible = 0;
			defaultConfigurationName = Release;
		};
/* End XCConfigurationList section */

/* Begin XCRemoteSwiftPackageReference section */
		5CC564B42B52158600F4B9F4 /* XCRemoteSwiftPackageReference "firebase-ios-sdk" */ = {
			isa = XCRemoteSwiftPackageReference;
			repositoryURL = "https://github.com/firebase/firebase-ios-sdk";
			requirement = {
				kind = upToNextMajorVersion;
				minimumVersion = 10.19.1;
			};
		};
		5CC564BF2B52159D00F4B9F4 /* XCRemoteSwiftPackageReference "GoogleSignIn-iOS" */ = {
			isa = XCRemoteSwiftPackageReference;
			repositoryURL = "https://github.com/google/GoogleSignIn-iOS";
			requirement = {
				kind = upToNextMajorVersion;
				minimumVersion = 7.0.0;
			};
		};
/* End XCRemoteSwiftPackageReference section */

/* Begin XCSwiftPackageProductDependency section */
		5CC564B52B52158600F4B9F4 /* FirebaseAnalytics */ = {
			isa = XCSwiftPackageProductDependency;
			package = 5CC564B42B52158600F4B9F4 /* XCRemoteSwiftPackageReference "firebase-ios-sdk" */;
			productName = FirebaseAnalytics;
		};
		5CC564B72B52158600F4B9F4 /* FirebaseAnalyticsOnDeviceConversion */ = {
			isa = XCSwiftPackageProductDependency;
			package = 5CC564B42B52158600F4B9F4 /* XCRemoteSwiftPackageReference "firebase-ios-sdk" */;
			productName = FirebaseAnalyticsOnDeviceConversion;
		};
		5CC564B92B52158600F4B9F4 /* FirebaseAnalyticsSwift */ = {
			isa = XCSwiftPackageProductDependency;
			package = 5CC564B42B52158600F4B9F4 /* XCRemoteSwiftPackageReference "firebase-ios-sdk" */;
			productName = FirebaseAnalyticsSwift;
		};
		5CC564BB2B52158600F4B9F4 /* FirebaseAnalyticsWithoutAdIdSupport */ = {
			isa = XCSwiftPackageProductDependency;
			package = 5CC564B42B52158600F4B9F4 /* XCRemoteSwiftPackageReference "firebase-ios-sdk" */;
			productName = FirebaseAnalyticsWithoutAdIdSupport;
		};
		5CC564BD2B52158600F4B9F4 /* FirebaseAppCheck */ = {
			isa = XCSwiftPackageProductDependency;
			package = 5CC564B42B52158600F4B9F4 /* XCRemoteSwiftPackageReference "firebase-ios-sdk" */;
			productName = FirebaseAppCheck;
		};
		5CC564C02B52159D00F4B9F4 /* GoogleSignIn */ = {
			isa = XCSwiftPackageProductDependency;
			package = 5CC564BF2B52159D00F4B9F4 /* XCRemoteSwiftPackageReference "GoogleSignIn-iOS" */;
			productName = GoogleSignIn;
		};
		5CC564C22B52159D00F4B9F4 /* GoogleSignInSwift */ = {
			isa = XCSwiftPackageProductDependency;
			package = 5CC564BF2B52159D00F4B9F4 /* XCRemoteSwiftPackageReference "GoogleSignIn-iOS" */;
			productName = GoogleSignInSwift;
		};
		5CC564C42B52172400F4B9F4 /* FirebaseAnalytics */ = {
			isa = XCSwiftPackageProductDependency;
			package = 5CC564B42B52158600F4B9F4 /* XCRemoteSwiftPackageReference "firebase-ios-sdk" */;
			productName = FirebaseAnalytics;
		};
		5CC564C62B52172400F4B9F4 /* FirebaseAnalyticsOnDeviceConversion */ = {
			isa = XCSwiftPackageProductDependency;
			package = 5CC564B42B52158600F4B9F4 /* XCRemoteSwiftPackageReference "firebase-ios-sdk" */;
			productName = FirebaseAnalyticsOnDeviceConversion;
		};
		5CC564C82B52172400F4B9F4 /* FirebaseAnalyticsSwift */ = {
			isa = XCSwiftPackageProductDependency;
			package = 5CC564B42B52158600F4B9F4 /* XCRemoteSwiftPackageReference "firebase-ios-sdk" */;
			productName = FirebaseAnalyticsSwift;
		};
		5CC564CA2B52172400F4B9F4 /* FirebaseAnalyticsWithoutAdIdSupport */ = {
			isa = XCSwiftPackageProductDependency;
			package = 5CC564B42B52158600F4B9F4 /* XCRemoteSwiftPackageReference "firebase-ios-sdk" */;
			productName = FirebaseAnalyticsWithoutAdIdSupport;
		};
		5CC564CC2B52172400F4B9F4 /* FirebaseAppCheck */ = {
			isa = XCSwiftPackageProductDependency;
			package = 5CC564B42B52158600F4B9F4 /* XCRemoteSwiftPackageReference "firebase-ios-sdk" */;
			productName = FirebaseAppCheck;
		};
		5CC564CE2B52172400F4B9F4 /* FirebaseAppDistribution-Beta */ = {
			isa = XCSwiftPackageProductDependency;
			package = 5CC564B42B52158600F4B9F4 /* XCRemoteSwiftPackageReference "firebase-ios-sdk" */;
			productName = "FirebaseAppDistribution-Beta";
		};
		5CC564D02B52172400F4B9F4 /* FirebaseAuth */ = {
			isa = XCSwiftPackageProductDependency;
			package = 5CC564B42B52158600F4B9F4 /* XCRemoteSwiftPackageReference "firebase-ios-sdk" */;
			productName = FirebaseAuth;
		};
		5CC564D22B52172400F4B9F4 /* FirebaseAuthCombine-Community */ = {
			isa = XCSwiftPackageProductDependency;
			package = 5CC564B42B52158600F4B9F4 /* XCRemoteSwiftPackageReference "firebase-ios-sdk" */;
			productName = "FirebaseAuthCombine-Community";
		};
		5CC564D42B52172400F4B9F4 /* FirebaseCrashlytics */ = {
			isa = XCSwiftPackageProductDependency;
			package = 5CC564B42B52158600F4B9F4 /* XCRemoteSwiftPackageReference "firebase-ios-sdk" */;
			productName = FirebaseCrashlytics;
		};
		5CC564D62B52172400F4B9F4 /* FirebaseDatabase */ = {
			isa = XCSwiftPackageProductDependency;
			package = 5CC564B42B52158600F4B9F4 /* XCRemoteSwiftPackageReference "firebase-ios-sdk" */;
			productName = FirebaseDatabase;
		};
		5CC564D82B52172400F4B9F4 /* FirebaseDatabaseSwift */ = {
			isa = XCSwiftPackageProductDependency;
			package = 5CC564B42B52158600F4B9F4 /* XCRemoteSwiftPackageReference "firebase-ios-sdk" */;
			productName = FirebaseDatabaseSwift;
		};
		5CC564DA2B52172400F4B9F4 /* FirebaseDynamicLinks */ = {
			isa = XCSwiftPackageProductDependency;
			package = 5CC564B42B52158600F4B9F4 /* XCRemoteSwiftPackageReference "firebase-ios-sdk" */;
			productName = FirebaseDynamicLinks;
		};
		5CC564DC2B52172400F4B9F4 /* FirebaseFirestore */ = {
			isa = XCSwiftPackageProductDependency;
			package = 5CC564B42B52158600F4B9F4 /* XCRemoteSwiftPackageReference "firebase-ios-sdk" */;
			productName = FirebaseFirestore;
		};
		5CC564DE2B52172400F4B9F4 /* FirebaseFirestoreCombine-Community */ = {
			isa = XCSwiftPackageProductDependency;
			package = 5CC564B42B52158600F4B9F4 /* XCRemoteSwiftPackageReference "firebase-ios-sdk" */;
			productName = "FirebaseFirestoreCombine-Community";
		};
		5CC564E02B52172400F4B9F4 /* FirebaseFirestoreSwift */ = {
			isa = XCSwiftPackageProductDependency;
			package = 5CC564B42B52158600F4B9F4 /* XCRemoteSwiftPackageReference "firebase-ios-sdk" */;
			productName = FirebaseFirestoreSwift;
		};
		5CC564E22B52172400F4B9F4 /* FirebaseFunctions */ = {
			isa = XCSwiftPackageProductDependency;
			package = 5CC564B42B52158600F4B9F4 /* XCRemoteSwiftPackageReference "firebase-ios-sdk" */;
			productName = FirebaseFunctions;
		};
		5CC564E42B52172400F4B9F4 /* FirebaseFunctionsCombine-Community */ = {
			isa = XCSwiftPackageProductDependency;
			package = 5CC564B42B52158600F4B9F4 /* XCRemoteSwiftPackageReference "firebase-ios-sdk" */;
			productName = "FirebaseFunctionsCombine-Community";
		};
		5CC564E62B52172400F4B9F4 /* FirebaseInAppMessaging-Beta */ = {
			isa = XCSwiftPackageProductDependency;
			package = 5CC564B42B52158600F4B9F4 /* XCRemoteSwiftPackageReference "firebase-ios-sdk" */;
			productName = "FirebaseInAppMessaging-Beta";
		};
		5CC564E82B52172400F4B9F4 /* FirebaseInAppMessagingSwift-Beta */ = {
			isa = XCSwiftPackageProductDependency;
			package = 5CC564B42B52158600F4B9F4 /* XCRemoteSwiftPackageReference "firebase-ios-sdk" */;
			productName = "FirebaseInAppMessagingSwift-Beta";
		};
		5CC564EA2B52172400F4B9F4 /* FirebaseInstallations */ = {
			isa = XCSwiftPackageProductDependency;
			package = 5CC564B42B52158600F4B9F4 /* XCRemoteSwiftPackageReference "firebase-ios-sdk" */;
			productName = FirebaseInstallations;
		};
		5CC564EC2B52172400F4B9F4 /* FirebaseMLModelDownloader */ = {
			isa = XCSwiftPackageProductDependency;
			package = 5CC564B42B52158600F4B9F4 /* XCRemoteSwiftPackageReference "firebase-ios-sdk" */;
			productName = FirebaseMLModelDownloader;
		};
		5CC564EE2B52172400F4B9F4 /* FirebaseMessaging */ = {
			isa = XCSwiftPackageProductDependency;
			package = 5CC564B42B52158600F4B9F4 /* XCRemoteSwiftPackageReference "firebase-ios-sdk" */;
			productName = FirebaseMessaging;
		};
		5CC564F02B52172400F4B9F4 /* FirebasePerformance */ = {
			isa = XCSwiftPackageProductDependency;
			package = 5CC564B42B52158600F4B9F4 /* XCRemoteSwiftPackageReference "firebase-ios-sdk" */;
			productName = FirebasePerformance;
		};
		5CC564F22B52172400F4B9F4 /* FirebaseRemoteConfig */ = {
			isa = XCSwiftPackageProductDependency;
			package = 5CC564B42B52158600F4B9F4 /* XCRemoteSwiftPackageReference "firebase-ios-sdk" */;
			productName = FirebaseRemoteConfig;
		};
		5CC564F42B52172400F4B9F4 /* FirebaseRemoteConfigSwift */ = {
			isa = XCSwiftPackageProductDependency;
			package = 5CC564B42B52158600F4B9F4 /* XCRemoteSwiftPackageReference "firebase-ios-sdk" */;
			productName = FirebaseRemoteConfigSwift;
		};
		5CC564F62B52172400F4B9F4 /* FirebaseStorage */ = {
			isa = XCSwiftPackageProductDependency;
			package = 5CC564B42B52158600F4B9F4 /* XCRemoteSwiftPackageReference "firebase-ios-sdk" */;
			productName = FirebaseStorage;
		};
		5CC564F82B52172400F4B9F4 /* FirebaseStorageCombine-Community */ = {
			isa = XCSwiftPackageProductDependency;
			package = 5CC564B42B52158600F4B9F4 /* XCRemoteSwiftPackageReference "firebase-ios-sdk" */;
			productName = "FirebaseStorageCombine-Community";
		};
		5CC565192B5395FD00F4B9F4 /* FirebaseAnalytics */ = {
			isa = XCSwiftPackageProductDependency;
			package = 5CC564B42B52158600F4B9F4 /* XCRemoteSwiftPackageReference "firebase-ios-sdk" */;
			productName = FirebaseAnalytics;
		};
		5CC5651B2B5395FD00F4B9F4 /* FirebaseAnalyticsOnDeviceConversion */ = {
			isa = XCSwiftPackageProductDependency;
			package = 5CC564B42B52158600F4B9F4 /* XCRemoteSwiftPackageReference "firebase-ios-sdk" */;
			productName = FirebaseAnalyticsOnDeviceConversion;
		};
		5CC5651D2B5395FD00F4B9F4 /* FirebaseAnalyticsSwift */ = {
			isa = XCSwiftPackageProductDependency;
			package = 5CC564B42B52158600F4B9F4 /* XCRemoteSwiftPackageReference "firebase-ios-sdk" */;
			productName = FirebaseAnalyticsSwift;
		};
		5CC5651F2B5395FD00F4B9F4 /* FirebaseAnalyticsWithoutAdIdSupport */ = {
			isa = XCSwiftPackageProductDependency;
			package = 5CC564B42B52158600F4B9F4 /* XCRemoteSwiftPackageReference "firebase-ios-sdk" */;
			productName = FirebaseAnalyticsWithoutAdIdSupport;
		};
		5CC565212B5395FD00F4B9F4 /* FirebaseAppCheck */ = {
			isa = XCSwiftPackageProductDependency;
			package = 5CC564B42B52158600F4B9F4 /* XCRemoteSwiftPackageReference "firebase-ios-sdk" */;
			productName = FirebaseAppCheck;
		};
		5CC565232B5395FD00F4B9F4 /* FirebaseAppDistribution-Beta */ = {
			isa = XCSwiftPackageProductDependency;
			package = 5CC564B42B52158600F4B9F4 /* XCRemoteSwiftPackageReference "firebase-ios-sdk" */;
			productName = "FirebaseAppDistribution-Beta";
		};
		5CC565252B5395FD00F4B9F4 /* FirebaseAuth */ = {
			isa = XCSwiftPackageProductDependency;
			package = 5CC564B42B52158600F4B9F4 /* XCRemoteSwiftPackageReference "firebase-ios-sdk" */;
			productName = FirebaseAuth;
		};
		5CC565272B5395FD00F4B9F4 /* FirebaseAuthCombine-Community */ = {
			isa = XCSwiftPackageProductDependency;
			package = 5CC564B42B52158600F4B9F4 /* XCRemoteSwiftPackageReference "firebase-ios-sdk" */;
			productName = "FirebaseAuthCombine-Community";
		};
		5CC565292B5395FD00F4B9F4 /* FirebaseCrashlytics */ = {
			isa = XCSwiftPackageProductDependency;
			package = 5CC564B42B52158600F4B9F4 /* XCRemoteSwiftPackageReference "firebase-ios-sdk" */;
			productName = FirebaseCrashlytics;
		};
		5CC5652B2B5395FD00F4B9F4 /* FirebaseDatabase */ = {
			isa = XCSwiftPackageProductDependency;
			package = 5CC564B42B52158600F4B9F4 /* XCRemoteSwiftPackageReference "firebase-ios-sdk" */;
			productName = FirebaseDatabase;
		};
		5CC5652D2B5395FD00F4B9F4 /* FirebaseDatabaseSwift */ = {
			isa = XCSwiftPackageProductDependency;
			package = 5CC564B42B52158600F4B9F4 /* XCRemoteSwiftPackageReference "firebase-ios-sdk" */;
			productName = FirebaseDatabaseSwift;
		};
		5CC5652F2B5395FD00F4B9F4 /* FirebaseDynamicLinks */ = {
			isa = XCSwiftPackageProductDependency;
			package = 5CC564B42B52158600F4B9F4 /* XCRemoteSwiftPackageReference "firebase-ios-sdk" */;
			productName = FirebaseDynamicLinks;
		};
		5CC565312B5395FD00F4B9F4 /* FirebaseFirestore */ = {
			isa = XCSwiftPackageProductDependency;
			package = 5CC564B42B52158600F4B9F4 /* XCRemoteSwiftPackageReference "firebase-ios-sdk" */;
			productName = FirebaseFirestore;
		};
		5CC565332B5395FD00F4B9F4 /* FirebaseFirestoreCombine-Community */ = {
			isa = XCSwiftPackageProductDependency;
			package = 5CC564B42B52158600F4B9F4 /* XCRemoteSwiftPackageReference "firebase-ios-sdk" */;
			productName = "FirebaseFirestoreCombine-Community";
		};
		5CC565352B5395FD00F4B9F4 /* FirebaseFirestoreSwift */ = {
			isa = XCSwiftPackageProductDependency;
			package = 5CC564B42B52158600F4B9F4 /* XCRemoteSwiftPackageReference "firebase-ios-sdk" */;
			productName = FirebaseFirestoreSwift;
		};
		5CC565372B5395FD00F4B9F4 /* FirebaseFunctions */ = {
			isa = XCSwiftPackageProductDependency;
			package = 5CC564B42B52158600F4B9F4 /* XCRemoteSwiftPackageReference "firebase-ios-sdk" */;
			productName = FirebaseFunctions;
		};
		5CC565392B5395FD00F4B9F4 /* FirebaseFunctionsCombine-Community */ = {
			isa = XCSwiftPackageProductDependency;
			package = 5CC564B42B52158600F4B9F4 /* XCRemoteSwiftPackageReference "firebase-ios-sdk" */;
			productName = "FirebaseFunctionsCombine-Community";
		};
		5CC5653B2B5395FD00F4B9F4 /* FirebaseInAppMessaging-Beta */ = {
			isa = XCSwiftPackageProductDependency;
			package = 5CC564B42B52158600F4B9F4 /* XCRemoteSwiftPackageReference "firebase-ios-sdk" */;
			productName = "FirebaseInAppMessaging-Beta";
		};
		5CC5653D2B5395FD00F4B9F4 /* FirebaseInAppMessagingSwift-Beta */ = {
			isa = XCSwiftPackageProductDependency;
			package = 5CC564B42B52158600F4B9F4 /* XCRemoteSwiftPackageReference "firebase-ios-sdk" */;
			productName = "FirebaseInAppMessagingSwift-Beta";
		};
		5CC5653F2B5395FD00F4B9F4 /* FirebaseInstallations */ = {
			isa = XCSwiftPackageProductDependency;
			package = 5CC564B42B52158600F4B9F4 /* XCRemoteSwiftPackageReference "firebase-ios-sdk" */;
			productName = FirebaseInstallations;
		};
		5CC565412B5395FD00F4B9F4 /* FirebaseMLModelDownloader */ = {
			isa = XCSwiftPackageProductDependency;
			package = 5CC564B42B52158600F4B9F4 /* XCRemoteSwiftPackageReference "firebase-ios-sdk" */;
			productName = FirebaseMLModelDownloader;
		};
		5CC565432B5395FD00F4B9F4 /* FirebaseMessaging */ = {
			isa = XCSwiftPackageProductDependency;
			package = 5CC564B42B52158600F4B9F4 /* XCRemoteSwiftPackageReference "firebase-ios-sdk" */;
			productName = FirebaseMessaging;
		};
		5CC565452B5395FD00F4B9F4 /* FirebasePerformance */ = {
			isa = XCSwiftPackageProductDependency;
			package = 5CC564B42B52158600F4B9F4 /* XCRemoteSwiftPackageReference "firebase-ios-sdk" */;
			productName = FirebasePerformance;
		};
		5CC565472B5395FD00F4B9F4 /* FirebaseRemoteConfig */ = {
			isa = XCSwiftPackageProductDependency;
			package = 5CC564B42B52158600F4B9F4 /* XCRemoteSwiftPackageReference "firebase-ios-sdk" */;
			productName = FirebaseRemoteConfig;
		};
		5CC565492B5395FD00F4B9F4 /* FirebaseRemoteConfigSwift */ = {
			isa = XCSwiftPackageProductDependency;
			package = 5CC564B42B52158600F4B9F4 /* XCRemoteSwiftPackageReference "firebase-ios-sdk" */;
			productName = FirebaseRemoteConfigSwift;
		};
		5CC5654B2B5395FD00F4B9F4 /* FirebaseStorage */ = {
			isa = XCSwiftPackageProductDependency;
			package = 5CC564B42B52158600F4B9F4 /* XCRemoteSwiftPackageReference "firebase-ios-sdk" */;
			productName = FirebaseStorage;
		};
		5CC5654D2B5395FD00F4B9F4 /* FirebaseStorageCombine-Community */ = {
			isa = XCSwiftPackageProductDependency;
			package = 5CC564B42B52158600F4B9F4 /* XCRemoteSwiftPackageReference "firebase-ios-sdk" */;
			productName = "FirebaseStorageCombine-Community";
		};
/* End XCSwiftPackageProductDependency section */
	};
	rootObject = 5CC564762B51314100F4B9F4 /* Project object */;
}
